
Microsoft Visual Studio Solution File, Format Version 12.00
# Visual Studio Version 16
VisualStudioVersion = 16.0.31205.134
MinimumVisualStudioVersion = 10.0.40219.1
Project("{2150E333-8FDC-42A3-9474-1A3956D46DE8}") = "soulng", "soulng", "{A2CFAA73-2B7D-4F02-87C5-2166EF09F018}"
EndProject
Project("{8BC9CEB8-8B4A-11D0-8D11-00A0C91BC942}") = "util", "soulng\util\util.vcxproj", "{3B441D59-4CF7-4D78-9121-7A13A1A2E877}"
EndProject
Project("{8BC9CEB8-8B4A-11D0-8D11-00A0C91BC942}") = "spg", "soulng\spg\spg.vcxproj", "{44E3B211-0D82-4BAC-A948-D7F6F90F3D56}"
	ProjectSection(ProjectDependencies) = postProject
		{EC2AEB11-F4B2-4549-AF28-BA853DD5F748} = {EC2AEB11-F4B2-4549-AF28-BA853DD5F748}
		{1C742113-33EE-4C21-AFCB-5978994C0B1B} = {1C742113-33EE-4C21-AFCB-5978994C0B1B}
		{3B441D59-4CF7-4D78-9121-7A13A1A2E877} = {3B441D59-4CF7-4D78-9121-7A13A1A2E877}
		{16136FB3-61E8-4939-8E8C-24CEBC7C6396} = {16136FB3-61E8-4939-8E8C-24CEBC7C6396}
		{2C00AAD9-0AF5-4B18-B894-93EAFD2912B8} = {2C00AAD9-0AF5-4B18-B894-93EAFD2912B8}
	EndProjectSection
EndProject
Project("{8BC9CEB8-8B4A-11D0-8D11-00A0C91BC942}") = "slg", "soulng\slg\slg.vcxproj", "{1C742113-33EE-4C21-AFCB-5978994C0B1B}"
	ProjectSection(ProjectDependencies) = postProject
		{EC2AEB11-F4B2-4549-AF28-BA853DD5F748} = {EC2AEB11-F4B2-4549-AF28-BA853DD5F748}
		{3B441D59-4CF7-4D78-9121-7A13A1A2E877} = {3B441D59-4CF7-4D78-9121-7A13A1A2E877}
		{16136FB3-61E8-4939-8E8C-24CEBC7C6396} = {16136FB3-61E8-4939-8E8C-24CEBC7C6396}
		{2C00AAD9-0AF5-4B18-B894-93EAFD2912B8} = {2C00AAD9-0AF5-4B18-B894-93EAFD2912B8}
	EndProjectSection
EndProject
Project("{8BC9CEB8-8B4A-11D0-8D11-00A0C91BC942}") = "rex", "soulng\rex\rex.vcxproj", "{2BF358DF-53EF-468F-9B48-847DA5CAFBF4}"
	ProjectSection(ProjectDependencies) = postProject
		{EC2AEB11-F4B2-4549-AF28-BA853DD5F748} = {EC2AEB11-F4B2-4549-AF28-BA853DD5F748}
		{3B441D59-4CF7-4D78-9121-7A13A1A2E877} = {3B441D59-4CF7-4D78-9121-7A13A1A2E877}
		{2C00AAD9-0AF5-4B18-B894-93EAFD2912B8} = {2C00AAD9-0AF5-4B18-B894-93EAFD2912B8}
	EndProjectSection
EndProject
Project("{8BC9CEB8-8B4A-11D0-8D11-00A0C91BC942}") = "parser", "soulng\parser\parser.vcxproj", "{2C00AAD9-0AF5-4B18-B894-93EAFD2912B8}"
	ProjectSection(ProjectDependencies) = postProject
		{EC2AEB11-F4B2-4549-AF28-BA853DD5F748} = {EC2AEB11-F4B2-4549-AF28-BA853DD5F748}
		{3B441D59-4CF7-4D78-9121-7A13A1A2E877} = {3B441D59-4CF7-4D78-9121-7A13A1A2E877}
	EndProjectSection
EndProject
Project("{8BC9CEB8-8B4A-11D0-8D11-00A0C91BC942}") = "lexer", "soulng\lexer\lexer.vcxproj", "{EC2AEB11-F4B2-4549-AF28-BA853DD5F748}"
	ProjectSection(ProjectDependencies) = postProject
		{3B441D59-4CF7-4D78-9121-7A13A1A2E877} = {3B441D59-4CF7-4D78-9121-7A13A1A2E877}
	EndProjectSection
EndProject
Project("{8BC9CEB8-8B4A-11D0-8D11-00A0C91BC942}") = "cppcode", "soulng\cppcode\cppcode.vcxproj", "{16136FB3-61E8-4939-8E8C-24CEBC7C6396}"
	ProjectSection(ProjectDependencies) = postProject
		{3B441D59-4CF7-4D78-9121-7A13A1A2E877} = {3B441D59-4CF7-4D78-9121-7A13A1A2E877}
	EndProjectSection
EndProject
Project("{2150E333-8FDC-42A3-9474-1A3956D46DE8}") = "minilang", "minilang", "{58233F0F-B338-4E3A-8FB0-D48E82FAA377}"
EndProject
Project("{2150E333-8FDC-42A3-9474-1A3956D46DE8}") = "test", "test", "{AF30E35C-60D0-4722-979D-8816330822C5}"
	ProjectSection(SolutionItems) = preProject
		examples\minilang\test\empty.minilang = examples\minilang\test\empty.minilang
		examples\minilang\test\error_comma.minilang = examples\minilang\test\error_comma.minilang
		examples\minilang\test\error_semicolon.minilang = examples\minilang\test\error_semicolon.minilang
		examples\minilang\test\fibonacci.minilang = examples\minilang\test\fibonacci.minilang
		examples\minilang\test\gcd.minilang = examples\minilang\test\gcd.minilang
		examples\minilang\test\invalid.minilang = examples\minilang\test\invalid.minilang
		examples\minilang\test\minimal.minilang = examples\minilang\test\minimal.minilang
		examples\minilang\test\unicodeid.minilang = examples\minilang\test\unicodeid.minilang
	EndProjectSection
EndProject
Project("{8BC9CEB8-8B4A-11D0-8D11-00A0C91BC942}") = "minilang", "examples\minilang\minilang.vcxproj", "{882459DA-EDAE-4FD9-AF57-B2736259BDA4}"
	ProjectSection(ProjectDependencies) = postProject
		{44E3B211-0D82-4BAC-A948-D7F6F90F3D56} = {44E3B211-0D82-4BAC-A948-D7F6F90F3D56}
		{EC2AEB11-F4B2-4549-AF28-BA853DD5F748} = {EC2AEB11-F4B2-4549-AF28-BA853DD5F748}
		{1C742113-33EE-4C21-AFCB-5978994C0B1B} = {1C742113-33EE-4C21-AFCB-5978994C0B1B}
		{3B441D59-4CF7-4D78-9121-7A13A1A2E877} = {3B441D59-4CF7-4D78-9121-7A13A1A2E877}
		{16136FB3-61E8-4939-8E8C-24CEBC7C6396} = {16136FB3-61E8-4939-8E8C-24CEBC7C6396}
		{2C00AAD9-0AF5-4B18-B894-93EAFD2912B8} = {2C00AAD9-0AF5-4B18-B894-93EAFD2912B8}
		{2BF358DF-53EF-468F-9B48-847DA5CAFBF4} = {2BF358DF-53EF-468F-9B48-847DA5CAFBF4}
	EndProjectSection
EndProject
Project("{2150E333-8FDC-42A3-9474-1A3956D46DE8}") = "sngcm", "sngcm", "{1E375AF0-0369-4332-A837-5EE6CF8802ED}"
EndProject
Project("{8BC9CEB8-8B4A-11D0-8D11-00A0C91BC942}") = "ast", "sngcm\ast\ast.vcxproj", "{53994CBE-FB41-45EA-9AB1-01CCA6C59AC5}"
	ProjectSection(ProjectDependencies) = postProject
		{44E3B211-0D82-4BAC-A948-D7F6F90F3D56} = {44E3B211-0D82-4BAC-A948-D7F6F90F3D56}
		{EC2AEB11-F4B2-4549-AF28-BA853DD5F748} = {EC2AEB11-F4B2-4549-AF28-BA853DD5F748}
		{1C742113-33EE-4C21-AFCB-5978994C0B1B} = {1C742113-33EE-4C21-AFCB-5978994C0B1B}
		{3B441D59-4CF7-4D78-9121-7A13A1A2E877} = {3B441D59-4CF7-4D78-9121-7A13A1A2E877}
		{2C00AAD9-0AF5-4B18-B894-93EAFD2912B8} = {2C00AAD9-0AF5-4B18-B894-93EAFD2912B8}
		{2BF358DF-53EF-468F-9B48-847DA5CAFBF4} = {2BF358DF-53EF-468F-9B48-847DA5CAFBF4}
	EndProjectSection
EndProject
Project("{8BC9CEB8-8B4A-11D0-8D11-00A0C91BC942}") = "cmlexer", "sngcm\cmlexer\cmlexer.vcxproj", "{2E1BEC72-75B3-4EF5-ACE5-A147A789C150}"
	ProjectSection(ProjectDependencies) = postProject
		{44E3B211-0D82-4BAC-A948-D7F6F90F3D56} = {44E3B211-0D82-4BAC-A948-D7F6F90F3D56}
		{EC2AEB11-F4B2-4549-AF28-BA853DD5F748} = {EC2AEB11-F4B2-4549-AF28-BA853DD5F748}
		{1C742113-33EE-4C21-AFCB-5978994C0B1B} = {1C742113-33EE-4C21-AFCB-5978994C0B1B}
		{3B441D59-4CF7-4D78-9121-7A13A1A2E877} = {3B441D59-4CF7-4D78-9121-7A13A1A2E877}
		{53994CBE-FB41-45EA-9AB1-01CCA6C59AC5} = {53994CBE-FB41-45EA-9AB1-01CCA6C59AC5}
		{2C00AAD9-0AF5-4B18-B894-93EAFD2912B8} = {2C00AAD9-0AF5-4B18-B894-93EAFD2912B8}
		{2BF358DF-53EF-468F-9B48-847DA5CAFBF4} = {2BF358DF-53EF-468F-9B48-847DA5CAFBF4}
	EndProjectSection
EndProject
Project("{8BC9CEB8-8B4A-11D0-8D11-00A0C91BC942}") = "cmparser", "sngcm\cmparser\cmparser.vcxproj", "{726D63DF-8C0C-4A93-AF56-F46F0F981921}"
	ProjectSection(ProjectDependencies) = postProject
		{44E3B211-0D82-4BAC-A948-D7F6F90F3D56} = {44E3B211-0D82-4BAC-A948-D7F6F90F3D56}
		{EC2AEB11-F4B2-4549-AF28-BA853DD5F748} = {EC2AEB11-F4B2-4549-AF28-BA853DD5F748}
		{1C742113-33EE-4C21-AFCB-5978994C0B1B} = {1C742113-33EE-4C21-AFCB-5978994C0B1B}
		{3B441D59-4CF7-4D78-9121-7A13A1A2E877} = {3B441D59-4CF7-4D78-9121-7A13A1A2E877}
		{2E1BEC72-75B3-4EF5-ACE5-A147A789C150} = {2E1BEC72-75B3-4EF5-ACE5-A147A789C150}
		{53994CBE-FB41-45EA-9AB1-01CCA6C59AC5} = {53994CBE-FB41-45EA-9AB1-01CCA6C59AC5}
		{2C00AAD9-0AF5-4B18-B894-93EAFD2912B8} = {2C00AAD9-0AF5-4B18-B894-93EAFD2912B8}
		{2BF358DF-53EF-468F-9B48-847DA5CAFBF4} = {2BF358DF-53EF-468F-9B48-847DA5CAFBF4}
	EndProjectSection
EndProject
Project("{8BC9CEB8-8B4A-11D0-8D11-00A0C91BC942}") = "tester", "sngcm\tester\tester.vcxproj", "{BD28BF2F-8629-44DC-BA80-50276A52116E}"
	ProjectSection(ProjectDependencies) = postProject
		{44E3B211-0D82-4BAC-A948-D7F6F90F3D56} = {44E3B211-0D82-4BAC-A948-D7F6F90F3D56}
		{EC2AEB11-F4B2-4549-AF28-BA853DD5F748} = {EC2AEB11-F4B2-4549-AF28-BA853DD5F748}
		{1C742113-33EE-4C21-AFCB-5978994C0B1B} = {1C742113-33EE-4C21-AFCB-5978994C0B1B}
		{3B441D59-4CF7-4D78-9121-7A13A1A2E877} = {3B441D59-4CF7-4D78-9121-7A13A1A2E877}
		{2E1BEC72-75B3-4EF5-ACE5-A147A789C150} = {2E1BEC72-75B3-4EF5-ACE5-A147A789C150}
		{16136FB3-61E8-4939-8E8C-24CEBC7C6396} = {16136FB3-61E8-4939-8E8C-24CEBC7C6396}
		{53994CBE-FB41-45EA-9AB1-01CCA6C59AC5} = {53994CBE-FB41-45EA-9AB1-01CCA6C59AC5}
		{2C00AAD9-0AF5-4B18-B894-93EAFD2912B8} = {2C00AAD9-0AF5-4B18-B894-93EAFD2912B8}
		{2BF358DF-53EF-468F-9B48-847DA5CAFBF4} = {2BF358DF-53EF-468F-9B48-847DA5CAFBF4}
		{726D63DF-8C0C-4A93-AF56-F46F0F981921} = {726D63DF-8C0C-4A93-AF56-F46F0F981921}
	EndProjectSection
EndProject
Project("{2150E333-8FDC-42A3-9474-1A3956D46DE8}") = "sngcpp", "sngcpp", "{749E7957-B606-43EF-83EB-738C3201694C}"
EndProject
Project("{8BC9CEB8-8B4A-11D0-8D11-00A0C91BC942}") = "ast", "sngcpp\ast\ast.vcxproj", "{0C051585-36B7-4351-87FA-1B930DC925FC}"
	ProjectSection(ProjectDependencies) = postProject
		{44E3B211-0D82-4BAC-A948-D7F6F90F3D56} = {44E3B211-0D82-4BAC-A948-D7F6F90F3D56}
		{EC2AEB11-F4B2-4549-AF28-BA853DD5F748} = {EC2AEB11-F4B2-4549-AF28-BA853DD5F748}
		{1C742113-33EE-4C21-AFCB-5978994C0B1B} = {1C742113-33EE-4C21-AFCB-5978994C0B1B}
		{3B441D59-4CF7-4D78-9121-7A13A1A2E877} = {3B441D59-4CF7-4D78-9121-7A13A1A2E877}
		{2C00AAD9-0AF5-4B18-B894-93EAFD2912B8} = {2C00AAD9-0AF5-4B18-B894-93EAFD2912B8}
		{2BF358DF-53EF-468F-9B48-847DA5CAFBF4} = {2BF358DF-53EF-468F-9B48-847DA5CAFBF4}
	EndProjectSection
EndProject
Project("{8BC9CEB8-8B4A-11D0-8D11-00A0C91BC942}") = "binder", "sngcpp\binder\binder.vcxproj", "{3D2ABA7D-81A4-4792-BC61-7D61BA1F361B}"
	ProjectSection(ProjectDependencies) = postProject
		{44E3B211-0D82-4BAC-A948-D7F6F90F3D56} = {44E3B211-0D82-4BAC-A948-D7F6F90F3D56}
		{EC2AEB11-F4B2-4549-AF28-BA853DD5F748} = {EC2AEB11-F4B2-4549-AF28-BA853DD5F748}
		{1C742113-33EE-4C21-AFCB-5978994C0B1B} = {1C742113-33EE-4C21-AFCB-5978994C0B1B}
		{1D0DD825-B0A9-4C94-A97D-94983F9725E1} = {1D0DD825-B0A9-4C94-A97D-94983F9725E1}
		{BD28BF2F-8629-44DC-BA80-50276A52116E} = {BD28BF2F-8629-44DC-BA80-50276A52116E}
		{3B441D59-4CF7-4D78-9121-7A13A1A2E877} = {3B441D59-4CF7-4D78-9121-7A13A1A2E877}
		{8C173761-0313-4297-AE3E-A30ED88F678D} = {8C173761-0313-4297-AE3E-A30ED88F678D}
		{0C051585-36B7-4351-87FA-1B930DC925FC} = {0C051585-36B7-4351-87FA-1B930DC925FC}
		{009A56BE-2839-40E6-BA22-6D54972D9126} = {009A56BE-2839-40E6-BA22-6D54972D9126}
		{CC2DF8C3-882B-4B2B-BCB2-B06248FFF8CA} = {CC2DF8C3-882B-4B2B-BCB2-B06248FFF8CA}
		{2BF358DF-53EF-468F-9B48-847DA5CAFBF4} = {2BF358DF-53EF-468F-9B48-847DA5CAFBF4}
		{D79229E0-6C4D-4E9C-B5D3-E5951A66A3E6} = {D79229E0-6C4D-4E9C-B5D3-E5951A66A3E6}
	EndProjectSection
EndProject
Project("{8BC9CEB8-8B4A-11D0-8D11-00A0C91BC942}") = "lexer", "sngcpp\lexer\lexer.vcxproj", "{8C173761-0313-4297-AE3E-A30ED88F678D}"
	ProjectSection(ProjectDependencies) = postProject
		{44E3B211-0D82-4BAC-A948-D7F6F90F3D56} = {44E3B211-0D82-4BAC-A948-D7F6F90F3D56}
		{EC2AEB11-F4B2-4549-AF28-BA853DD5F748} = {EC2AEB11-F4B2-4549-AF28-BA853DD5F748}
		{1C742113-33EE-4C21-AFCB-5978994C0B1B} = {1C742113-33EE-4C21-AFCB-5978994C0B1B}
		{3B441D59-4CF7-4D78-9121-7A13A1A2E877} = {3B441D59-4CF7-4D78-9121-7A13A1A2E877}
		{0C051585-36B7-4351-87FA-1B930DC925FC} = {0C051585-36B7-4351-87FA-1B930DC925FC}
		{2C00AAD9-0AF5-4B18-B894-93EAFD2912B8} = {2C00AAD9-0AF5-4B18-B894-93EAFD2912B8}
		{2BF358DF-53EF-468F-9B48-847DA5CAFBF4} = {2BF358DF-53EF-468F-9B48-847DA5CAFBF4}
	EndProjectSection
EndProject
Project("{8BC9CEB8-8B4A-11D0-8D11-00A0C91BC942}") = "parser", "sngcpp\parser\parser.vcxproj", "{1D0DD825-B0A9-4C94-A97D-94983F9725E1}"
	ProjectSection(ProjectDependencies) = postProject
		{44E3B211-0D82-4BAC-A948-D7F6F90F3D56} = {44E3B211-0D82-4BAC-A948-D7F6F90F3D56}
		{EC2AEB11-F4B2-4549-AF28-BA853DD5F748} = {EC2AEB11-F4B2-4549-AF28-BA853DD5F748}
		{1C742113-33EE-4C21-AFCB-5978994C0B1B} = {1C742113-33EE-4C21-AFCB-5978994C0B1B}
		{BD28BF2F-8629-44DC-BA80-50276A52116E} = {BD28BF2F-8629-44DC-BA80-50276A52116E}
		{3B441D59-4CF7-4D78-9121-7A13A1A2E877} = {3B441D59-4CF7-4D78-9121-7A13A1A2E877}
		{8C173761-0313-4297-AE3E-A30ED88F678D} = {8C173761-0313-4297-AE3E-A30ED88F678D}
		{0C051585-36B7-4351-87FA-1B930DC925FC} = {0C051585-36B7-4351-87FA-1B930DC925FC}
		{16136FB3-61E8-4939-8E8C-24CEBC7C6396} = {16136FB3-61E8-4939-8E8C-24CEBC7C6396}
		{2C00AAD9-0AF5-4B18-B894-93EAFD2912B8} = {2C00AAD9-0AF5-4B18-B894-93EAFD2912B8}
		{2BF358DF-53EF-468F-9B48-847DA5CAFBF4} = {2BF358DF-53EF-468F-9B48-847DA5CAFBF4}
	EndProjectSection
EndProject
Project("{8BC9CEB8-8B4A-11D0-8D11-00A0C91BC942}") = "parsertester", "sngcpp\parsertester\parsertester.vcxproj", "{D79229E0-6C4D-4E9C-B5D3-E5951A66A3E6}"
	ProjectSection(ProjectDependencies) = postProject
		{44E3B211-0D82-4BAC-A948-D7F6F90F3D56} = {44E3B211-0D82-4BAC-A948-D7F6F90F3D56}
		{EC2AEB11-F4B2-4549-AF28-BA853DD5F748} = {EC2AEB11-F4B2-4549-AF28-BA853DD5F748}
		{1C742113-33EE-4C21-AFCB-5978994C0B1B} = {1C742113-33EE-4C21-AFCB-5978994C0B1B}
		{1D0DD825-B0A9-4C94-A97D-94983F9725E1} = {1D0DD825-B0A9-4C94-A97D-94983F9725E1}
		{BD28BF2F-8629-44DC-BA80-50276A52116E} = {BD28BF2F-8629-44DC-BA80-50276A52116E}
		{3B441D59-4CF7-4D78-9121-7A13A1A2E877} = {3B441D59-4CF7-4D78-9121-7A13A1A2E877}
		{8C173761-0313-4297-AE3E-A30ED88F678D} = {8C173761-0313-4297-AE3E-A30ED88F678D}
		{0C051585-36B7-4351-87FA-1B930DC925FC} = {0C051585-36B7-4351-87FA-1B930DC925FC}
		{CC2DF8C3-882B-4B2B-BCB2-B06248FFF8CA} = {CC2DF8C3-882B-4B2B-BCB2-B06248FFF8CA}
		{2C00AAD9-0AF5-4B18-B894-93EAFD2912B8} = {2C00AAD9-0AF5-4B18-B894-93EAFD2912B8}
		{2BF358DF-53EF-468F-9B48-847DA5CAFBF4} = {2BF358DF-53EF-468F-9B48-847DA5CAFBF4}
	EndProjectSection
EndProject
Project("{8BC9CEB8-8B4A-11D0-8D11-00A0C91BC942}") = "pp", "sngcpp\pp\pp.vcxproj", "{CC2DF8C3-882B-4B2B-BCB2-B06248FFF8CA}"
	ProjectSection(ProjectDependencies) = postProject
		{44E3B211-0D82-4BAC-A948-D7F6F90F3D56} = {44E3B211-0D82-4BAC-A948-D7F6F90F3D56}
		{EC2AEB11-F4B2-4549-AF28-BA853DD5F748} = {EC2AEB11-F4B2-4549-AF28-BA853DD5F748}
		{1C742113-33EE-4C21-AFCB-5978994C0B1B} = {1C742113-33EE-4C21-AFCB-5978994C0B1B}
		{1D0DD825-B0A9-4C94-A97D-94983F9725E1} = {1D0DD825-B0A9-4C94-A97D-94983F9725E1}
		{3B441D59-4CF7-4D78-9121-7A13A1A2E877} = {3B441D59-4CF7-4D78-9121-7A13A1A2E877}
		{8C173761-0313-4297-AE3E-A30ED88F678D} = {8C173761-0313-4297-AE3E-A30ED88F678D}
		{0C051585-36B7-4351-87FA-1B930DC925FC} = {0C051585-36B7-4351-87FA-1B930DC925FC}
		{16136FB3-61E8-4939-8E8C-24CEBC7C6396} = {16136FB3-61E8-4939-8E8C-24CEBC7C6396}
		{2C00AAD9-0AF5-4B18-B894-93EAFD2912B8} = {2C00AAD9-0AF5-4B18-B894-93EAFD2912B8}
		{2BF358DF-53EF-468F-9B48-847DA5CAFBF4} = {2BF358DF-53EF-468F-9B48-847DA5CAFBF4}
	EndProjectSection
EndProject
Project("{8BC9CEB8-8B4A-11D0-8D11-00A0C91BC942}") = "pptester", "sngcpp\pptester\pptester.vcxproj", "{C2F760BC-2170-4535-BD38-A8B3403B0608}"
	ProjectSection(ProjectDependencies) = postProject
		{44E3B211-0D82-4BAC-A948-D7F6F90F3D56} = {44E3B211-0D82-4BAC-A948-D7F6F90F3D56}
		{EC2AEB11-F4B2-4549-AF28-BA853DD5F748} = {EC2AEB11-F4B2-4549-AF28-BA853DD5F748}
		{1C742113-33EE-4C21-AFCB-5978994C0B1B} = {1C742113-33EE-4C21-AFCB-5978994C0B1B}
		{1D0DD825-B0A9-4C94-A97D-94983F9725E1} = {1D0DD825-B0A9-4C94-A97D-94983F9725E1}
		{3B441D59-4CF7-4D78-9121-7A13A1A2E877} = {3B441D59-4CF7-4D78-9121-7A13A1A2E877}
		{8C173761-0313-4297-AE3E-A30ED88F678D} = {8C173761-0313-4297-AE3E-A30ED88F678D}
		{0C051585-36B7-4351-87FA-1B930DC925FC} = {0C051585-36B7-4351-87FA-1B930DC925FC}
		{16136FB3-61E8-4939-8E8C-24CEBC7C6396} = {16136FB3-61E8-4939-8E8C-24CEBC7C6396}
		{CC2DF8C3-882B-4B2B-BCB2-B06248FFF8CA} = {CC2DF8C3-882B-4B2B-BCB2-B06248FFF8CA}
		{2C00AAD9-0AF5-4B18-B894-93EAFD2912B8} = {2C00AAD9-0AF5-4B18-B894-93EAFD2912B8}
		{2BF358DF-53EF-468F-9B48-847DA5CAFBF4} = {2BF358DF-53EF-468F-9B48-847DA5CAFBF4}
	EndProjectSection
EndProject
Project("{8BC9CEB8-8B4A-11D0-8D11-00A0C91BC942}") = "symbols", "sngcpp\symbols\symbols.vcxproj", "{009A56BE-2839-40E6-BA22-6D54972D9126}"
	ProjectSection(ProjectDependencies) = postProject
		{44E3B211-0D82-4BAC-A948-D7F6F90F3D56} = {44E3B211-0D82-4BAC-A948-D7F6F90F3D56}
		{EC2AEB11-F4B2-4549-AF28-BA853DD5F748} = {EC2AEB11-F4B2-4549-AF28-BA853DD5F748}
		{1C742113-33EE-4C21-AFCB-5978994C0B1B} = {1C742113-33EE-4C21-AFCB-5978994C0B1B}
		{1D0DD825-B0A9-4C94-A97D-94983F9725E1} = {1D0DD825-B0A9-4C94-A97D-94983F9725E1}
		{3B441D59-4CF7-4D78-9121-7A13A1A2E877} = {3B441D59-4CF7-4D78-9121-7A13A1A2E877}
		{8C173761-0313-4297-AE3E-A30ED88F678D} = {8C173761-0313-4297-AE3E-A30ED88F678D}
		{0C051585-36B7-4351-87FA-1B930DC925FC} = {0C051585-36B7-4351-87FA-1B930DC925FC}
		{16136FB3-61E8-4939-8E8C-24CEBC7C6396} = {16136FB3-61E8-4939-8E8C-24CEBC7C6396}
		{CC2DF8C3-882B-4B2B-BCB2-B06248FFF8CA} = {CC2DF8C3-882B-4B2B-BCB2-B06248FFF8CA}
		{2C00AAD9-0AF5-4B18-B894-93EAFD2912B8} = {2C00AAD9-0AF5-4B18-B894-93EAFD2912B8}
		{2BF358DF-53EF-468F-9B48-847DA5CAFBF4} = {2BF358DF-53EF-468F-9B48-847DA5CAFBF4}
	EndProjectSection
EndProject
Project("{2150E333-8FDC-42A3-9474-1A3956D46DE8}") = "sngcpp20", "sngcpp20", "{71533626-F9B0-4C60-A497-581DCC9C940F}"
EndProject
Project("{8BC9CEB8-8B4A-11D0-8D11-00A0C91BC942}") = "ast", "sngcpp20\ast\ast.vcxproj", "{B4523687-09CB-41E2-A476-74011F4C9CC4}"
	ProjectSection(ProjectDependencies) = postProject
		{44E3B211-0D82-4BAC-A948-D7F6F90F3D56} = {44E3B211-0D82-4BAC-A948-D7F6F90F3D56}
		{EC2AEB11-F4B2-4549-AF28-BA853DD5F748} = {EC2AEB11-F4B2-4549-AF28-BA853DD5F748}
		{1C742113-33EE-4C21-AFCB-5978994C0B1B} = {1C742113-33EE-4C21-AFCB-5978994C0B1B}
		{3B441D59-4CF7-4D78-9121-7A13A1A2E877} = {3B441D59-4CF7-4D78-9121-7A13A1A2E877}
		{16136FB3-61E8-4939-8E8C-24CEBC7C6396} = {16136FB3-61E8-4939-8E8C-24CEBC7C6396}
		{2C00AAD9-0AF5-4B18-B894-93EAFD2912B8} = {2C00AAD9-0AF5-4B18-B894-93EAFD2912B8}
		{2BF358DF-53EF-468F-9B48-847DA5CAFBF4} = {2BF358DF-53EF-468F-9B48-847DA5CAFBF4}
	EndProjectSection
EndProject
Project("{8BC9CEB8-8B4A-11D0-8D11-00A0C91BC942}") = "driver", "sngcpp20\driver\driver.vcxproj", "{BE0A7FAC-D554-4376-B693-5E056F8DD91E}"
	ProjectSection(ProjectDependencies) = postProject
		{44E3B211-0D82-4BAC-A948-D7F6F90F3D56} = {44E3B211-0D82-4BAC-A948-D7F6F90F3D56}
		{EC2AEB11-F4B2-4549-AF28-BA853DD5F748} = {EC2AEB11-F4B2-4549-AF28-BA853DD5F748}
		{1C742113-33EE-4C21-AFCB-5978994C0B1B} = {1C742113-33EE-4C21-AFCB-5978994C0B1B}
		{3B441D59-4CF7-4D78-9121-7A13A1A2E877} = {3B441D59-4CF7-4D78-9121-7A13A1A2E877}
		{266AA07C-C465-47A0-A42A-4EA7E2893CAA} = {266AA07C-C465-47A0-A42A-4EA7E2893CAA}
		{B4523687-09CB-41E2-A476-74011F4C9CC4} = {B4523687-09CB-41E2-A476-74011F4C9CC4}
		{5E18EDAA-6E46-4E73-98F3-21845D6BD83E} = {5E18EDAA-6E46-4E73-98F3-21845D6BD83E}
		{16136FB3-61E8-4939-8E8C-24CEBC7C6396} = {16136FB3-61E8-4939-8E8C-24CEBC7C6396}
		{2C00AAD9-0AF5-4B18-B894-93EAFD2912B8} = {2C00AAD9-0AF5-4B18-B894-93EAFD2912B8}
		{2BF358DF-53EF-468F-9B48-847DA5CAFBF4} = {2BF358DF-53EF-468F-9B48-847DA5CAFBF4}
	EndProjectSection
EndProject
Project("{8BC9CEB8-8B4A-11D0-8D11-00A0C91BC942}") = "lexer", "sngcpp20\lexer\lexer.vcxproj", "{91050EB6-72F2-4AE1-82B5-4226CA8C8D70}"
	ProjectSection(ProjectDependencies) = postProject
		{44E3B211-0D82-4BAC-A948-D7F6F90F3D56} = {44E3B211-0D82-4BAC-A948-D7F6F90F3D56}
		{EC2AEB11-F4B2-4549-AF28-BA853DD5F748} = {EC2AEB11-F4B2-4549-AF28-BA853DD5F748}
		{1C742113-33EE-4C21-AFCB-5978994C0B1B} = {1C742113-33EE-4C21-AFCB-5978994C0B1B}
		{3B441D59-4CF7-4D78-9121-7A13A1A2E877} = {3B441D59-4CF7-4D78-9121-7A13A1A2E877}
		{B4523687-09CB-41E2-A476-74011F4C9CC4} = {B4523687-09CB-41E2-A476-74011F4C9CC4}
		{16136FB3-61E8-4939-8E8C-24CEBC7C6396} = {16136FB3-61E8-4939-8E8C-24CEBC7C6396}
		{2C00AAD9-0AF5-4B18-B894-93EAFD2912B8} = {2C00AAD9-0AF5-4B18-B894-93EAFD2912B8}
		{2BF358DF-53EF-468F-9B48-847DA5CAFBF4} = {2BF358DF-53EF-468F-9B48-847DA5CAFBF4}
	EndProjectSection
EndProject
Project("{8BC9CEB8-8B4A-11D0-8D11-00A0C91BC942}") = "parser", "sngcpp20\parser\parser.vcxproj", "{63055C0A-5C2B-4248-8B29-07FEE41C9999}"
	ProjectSection(ProjectDependencies) = postProject
		{44E3B211-0D82-4BAC-A948-D7F6F90F3D56} = {44E3B211-0D82-4BAC-A948-D7F6F90F3D56}
		{EC2AEB11-F4B2-4549-AF28-BA853DD5F748} = {EC2AEB11-F4B2-4549-AF28-BA853DD5F748}
		{1C742113-33EE-4C21-AFCB-5978994C0B1B} = {1C742113-33EE-4C21-AFCB-5978994C0B1B}
		{3B441D59-4CF7-4D78-9121-7A13A1A2E877} = {3B441D59-4CF7-4D78-9121-7A13A1A2E877}
		{79E9E96D-B60D-4436-9513-7D5C6D8773E6} = {79E9E96D-B60D-4436-9513-7D5C6D8773E6}
		{B4523687-09CB-41E2-A476-74011F4C9CC4} = {B4523687-09CB-41E2-A476-74011F4C9CC4}
		{16136FB3-61E8-4939-8E8C-24CEBC7C6396} = {16136FB3-61E8-4939-8E8C-24CEBC7C6396}
		{91050EB6-72F2-4AE1-82B5-4226CA8C8D70} = {91050EB6-72F2-4AE1-82B5-4226CA8C8D70}
		{2C00AAD9-0AF5-4B18-B894-93EAFD2912B8} = {2C00AAD9-0AF5-4B18-B894-93EAFD2912B8}
		{2BF358DF-53EF-468F-9B48-847DA5CAFBF4} = {2BF358DF-53EF-468F-9B48-847DA5CAFBF4}
	EndProjectSection
EndProject
Project("{8BC9CEB8-8B4A-11D0-8D11-00A0C91BC942}") = "symbols", "sngcpp20\symbols\symbols.vcxproj", "{79E9E96D-B60D-4436-9513-7D5C6D8773E6}"
	ProjectSection(ProjectDependencies) = postProject
		{44E3B211-0D82-4BAC-A948-D7F6F90F3D56} = {44E3B211-0D82-4BAC-A948-D7F6F90F3D56}
		{EC2AEB11-F4B2-4549-AF28-BA853DD5F748} = {EC2AEB11-F4B2-4549-AF28-BA853DD5F748}
		{1C742113-33EE-4C21-AFCB-5978994C0B1B} = {1C742113-33EE-4C21-AFCB-5978994C0B1B}
		{3B441D59-4CF7-4D78-9121-7A13A1A2E877} = {3B441D59-4CF7-4D78-9121-7A13A1A2E877}
		{B4523687-09CB-41E2-A476-74011F4C9CC4} = {B4523687-09CB-41E2-A476-74011F4C9CC4}
		{16136FB3-61E8-4939-8E8C-24CEBC7C6396} = {16136FB3-61E8-4939-8E8C-24CEBC7C6396}
		{2C00AAD9-0AF5-4B18-B894-93EAFD2912B8} = {2C00AAD9-0AF5-4B18-B894-93EAFD2912B8}
		{2BF358DF-53EF-468F-9B48-847DA5CAFBF4} = {2BF358DF-53EF-468F-9B48-847DA5CAFBF4}
	EndProjectSection
EndProject
Project("{8BC9CEB8-8B4A-11D0-8D11-00A0C91BC942}") = "project", "sngcpp20\project\project.vcxproj", "{E9F70F49-8111-41A4-A0C6-7A03BE7A661D}"
	ProjectSection(ProjectDependencies) = postProject
		{63055C0A-5C2B-4248-8B29-07FEE41C9999} = {63055C0A-5C2B-4248-8B29-07FEE41C9999}
		{44E3B211-0D82-4BAC-A948-D7F6F90F3D56} = {44E3B211-0D82-4BAC-A948-D7F6F90F3D56}
		{EC2AEB11-F4B2-4549-AF28-BA853DD5F748} = {EC2AEB11-F4B2-4549-AF28-BA853DD5F748}
		{1C742113-33EE-4C21-AFCB-5978994C0B1B} = {1C742113-33EE-4C21-AFCB-5978994C0B1B}
		{3B441D59-4CF7-4D78-9121-7A13A1A2E877} = {3B441D59-4CF7-4D78-9121-7A13A1A2E877}
		{79E9E96D-B60D-4436-9513-7D5C6D8773E6} = {79E9E96D-B60D-4436-9513-7D5C6D8773E6}
		{B4523687-09CB-41E2-A476-74011F4C9CC4} = {B4523687-09CB-41E2-A476-74011F4C9CC4}
		{16136FB3-61E8-4939-8E8C-24CEBC7C6396} = {16136FB3-61E8-4939-8E8C-24CEBC7C6396}
		{91050EB6-72F2-4AE1-82B5-4226CA8C8D70} = {91050EB6-72F2-4AE1-82B5-4226CA8C8D70}
		{2C00AAD9-0AF5-4B18-B894-93EAFD2912B8} = {2C00AAD9-0AF5-4B18-B894-93EAFD2912B8}
		{2BF358DF-53EF-468F-9B48-847DA5CAFBF4} = {2BF358DF-53EF-468F-9B48-847DA5CAFBF4}
	EndProjectSection
EndProject
Project("{8BC9CEB8-8B4A-11D0-8D11-00A0C91BC942}") = "sngcpp", "sngcpp20\sngcpp\sngcpp.vcxproj", "{0E50FF65-F07F-42B4-8B82-C52E47655DD2}"
	ProjectSection(ProjectDependencies) = postProject
		{63055C0A-5C2B-4248-8B29-07FEE41C9999} = {63055C0A-5C2B-4248-8B29-07FEE41C9999}
		{44E3B211-0D82-4BAC-A948-D7F6F90F3D56} = {44E3B211-0D82-4BAC-A948-D7F6F90F3D56}
		{EC2AEB11-F4B2-4549-AF28-BA853DD5F748} = {EC2AEB11-F4B2-4549-AF28-BA853DD5F748}
		{1C742113-33EE-4C21-AFCB-5978994C0B1B} = {1C742113-33EE-4C21-AFCB-5978994C0B1B}
		{E9F70F49-8111-41A4-A0C6-7A03BE7A661D} = {E9F70F49-8111-41A4-A0C6-7A03BE7A661D}
		{3B441D59-4CF7-4D78-9121-7A13A1A2E877} = {3B441D59-4CF7-4D78-9121-7A13A1A2E877}
		{79E9E96D-B60D-4436-9513-7D5C6D8773E6} = {79E9E96D-B60D-4436-9513-7D5C6D8773E6}
		{266AA07C-C465-47A0-A42A-4EA7E2893CAA} = {266AA07C-C465-47A0-A42A-4EA7E2893CAA}
		{B4523687-09CB-41E2-A476-74011F4C9CC4} = {B4523687-09CB-41E2-A476-74011F4C9CC4}
		{5E18EDAA-6E46-4E73-98F3-21845D6BD83E} = {5E18EDAA-6E46-4E73-98F3-21845D6BD83E}
		{16136FB3-61E8-4939-8E8C-24CEBC7C6396} = {16136FB3-61E8-4939-8E8C-24CEBC7C6396}
		{91050EB6-72F2-4AE1-82B5-4226CA8C8D70} = {91050EB6-72F2-4AE1-82B5-4226CA8C8D70}
		{2C00AAD9-0AF5-4B18-B894-93EAFD2912B8} = {2C00AAD9-0AF5-4B18-B894-93EAFD2912B8}
		{2BF358DF-53EF-468F-9B48-847DA5CAFBF4} = {2BF358DF-53EF-468F-9B48-847DA5CAFBF4}
	EndProjectSection
EndProject
Project("{2150E333-8FDC-42A3-9474-1A3956D46DE8}") = "sngjson", "sngjson", "{FB3FA9FF-7645-42F9-B067-C12CE6B45018}"
EndProject
Project("{8BC9CEB8-8B4A-11D0-8D11-00A0C91BC942}") = "json", "sngjson\json\json.vcxproj", "{F77A5A73-296E-4E30-98F3-25BFAC8E73E2}"
	ProjectSection(ProjectDependencies) = postProject
		{44E3B211-0D82-4BAC-A948-D7F6F90F3D56} = {44E3B211-0D82-4BAC-A948-D7F6F90F3D56}
		{EC2AEB11-F4B2-4549-AF28-BA853DD5F748} = {EC2AEB11-F4B2-4549-AF28-BA853DD5F748}
		{1C742113-33EE-4C21-AFCB-5978994C0B1B} = {1C742113-33EE-4C21-AFCB-5978994C0B1B}
		{3B441D59-4CF7-4D78-9121-7A13A1A2E877} = {3B441D59-4CF7-4D78-9121-7A13A1A2E877}
		{16136FB3-61E8-4939-8E8C-24CEBC7C6396} = {16136FB3-61E8-4939-8E8C-24CEBC7C6396}
		{2C00AAD9-0AF5-4B18-B894-93EAFD2912B8} = {2C00AAD9-0AF5-4B18-B894-93EAFD2912B8}
		{2BF358DF-53EF-468F-9B48-847DA5CAFBF4} = {2BF358DF-53EF-468F-9B48-847DA5CAFBF4}
	EndProjectSection
EndProject
Project("{8BC9CEB8-8B4A-11D0-8D11-00A0C91BC942}") = "jsongen", "sngjson\jsongen\jsongen.vcxproj", "{3E46F214-FCE2-46EC-877A-6698282CB29B}"
	ProjectSection(ProjectDependencies) = postProject
		{44E3B211-0D82-4BAC-A948-D7F6F90F3D56} = {44E3B211-0D82-4BAC-A948-D7F6F90F3D56}
		{EC2AEB11-F4B2-4549-AF28-BA853DD5F748} = {EC2AEB11-F4B2-4549-AF28-BA853DD5F748}
		{1C742113-33EE-4C21-AFCB-5978994C0B1B} = {1C742113-33EE-4C21-AFCB-5978994C0B1B}
		{3B441D59-4CF7-4D78-9121-7A13A1A2E877} = {3B441D59-4CF7-4D78-9121-7A13A1A2E877}
		{F77A5A73-296E-4E30-98F3-25BFAC8E73E2} = {F77A5A73-296E-4E30-98F3-25BFAC8E73E2}
		{16136FB3-61E8-4939-8E8C-24CEBC7C6396} = {16136FB3-61E8-4939-8E8C-24CEBC7C6396}
		{2C00AAD9-0AF5-4B18-B894-93EAFD2912B8} = {2C00AAD9-0AF5-4B18-B894-93EAFD2912B8}
		{2BF358DF-53EF-468F-9B48-847DA5CAFBF4} = {2BF358DF-53EF-468F-9B48-847DA5CAFBF4}
	EndProjectSection
EndProject
Project("{2150E333-8FDC-42A3-9474-1A3956D46DE8}") = "sngxml", "sngxml", "{59F0E2C9-A0AB-41BB-AAFE-7EA020D73CDC}"
EndProject
Project("{8BC9CEB8-8B4A-11D0-8D11-00A0C91BC942}") = "dom", "sngxml\dom\dom.vcxproj", "{D358C17F-CB8D-45CA-BFCD-B1BBC29030F5}"
	ProjectSection(ProjectDependencies) = postProject
		{44E3B211-0D82-4BAC-A948-D7F6F90F3D56} = {44E3B211-0D82-4BAC-A948-D7F6F90F3D56}
		{EC2AEB11-F4B2-4549-AF28-BA853DD5F748} = {EC2AEB11-F4B2-4549-AF28-BA853DD5F748}
		{1C742113-33EE-4C21-AFCB-5978994C0B1B} = {1C742113-33EE-4C21-AFCB-5978994C0B1B}
		{3B441D59-4CF7-4D78-9121-7A13A1A2E877} = {3B441D59-4CF7-4D78-9121-7A13A1A2E877}
		{16136FB3-61E8-4939-8E8C-24CEBC7C6396} = {16136FB3-61E8-4939-8E8C-24CEBC7C6396}
		{2BF358DF-53EF-468F-9B48-847DA5CAFBF4} = {2BF358DF-53EF-468F-9B48-847DA5CAFBF4}
		{2E6411F3-A025-44FD-A058-11FD94577C46} = {2E6411F3-A025-44FD-A058-11FD94577C46}
	EndProjectSection
EndProject
Project("{8BC9CEB8-8B4A-11D0-8D11-00A0C91BC942}") = "serialization", "sngxml\serialization\serialization.vcxproj", "{401CC0AC-FFCE-4816-AA67-9852E6BC4122}"
	ProjectSection(ProjectDependencies) = postProject
		{44E3B211-0D82-4BAC-A948-D7F6F90F3D56} = {44E3B211-0D82-4BAC-A948-D7F6F90F3D56}
		{EC2AEB11-F4B2-4549-AF28-BA853DD5F748} = {EC2AEB11-F4B2-4549-AF28-BA853DD5F748}
		{1C742113-33EE-4C21-AFCB-5978994C0B1B} = {1C742113-33EE-4C21-AFCB-5978994C0B1B}
		{84739028-A599-44A4-BE85-545092FFA09E} = {84739028-A599-44A4-BE85-545092FFA09E}
		{3B441D59-4CF7-4D78-9121-7A13A1A2E877} = {3B441D59-4CF7-4D78-9121-7A13A1A2E877}
		{D358C17F-CB8D-45CA-BFCD-B1BBC29030F5} = {D358C17F-CB8D-45CA-BFCD-B1BBC29030F5}
		{16136FB3-61E8-4939-8E8C-24CEBC7C6396} = {16136FB3-61E8-4939-8E8C-24CEBC7C6396}
		{2C00AAD9-0AF5-4B18-B894-93EAFD2912B8} = {2C00AAD9-0AF5-4B18-B894-93EAFD2912B8}
		{2BF358DF-53EF-468F-9B48-847DA5CAFBF4} = {2BF358DF-53EF-468F-9B48-847DA5CAFBF4}
		{2E6411F3-A025-44FD-A058-11FD94577C46} = {2E6411F3-A025-44FD-A058-11FD94577C46}
	EndProjectSection
EndProject
Project("{8BC9CEB8-8B4A-11D0-8D11-00A0C91BC942}") = "tester", "sngxml\tester\tester.vcxproj", "{192F6994-40AE-4628-A031-F1D6808A20EF}"
	ProjectSection(ProjectDependencies) = postProject
		{44E3B211-0D82-4BAC-A948-D7F6F90F3D56} = {44E3B211-0D82-4BAC-A948-D7F6F90F3D56}
		{EC2AEB11-F4B2-4549-AF28-BA853DD5F748} = {EC2AEB11-F4B2-4549-AF28-BA853DD5F748}
		{1C742113-33EE-4C21-AFCB-5978994C0B1B} = {1C742113-33EE-4C21-AFCB-5978994C0B1B}
		{84739028-A599-44A4-BE85-545092FFA09E} = {84739028-A599-44A4-BE85-545092FFA09E}
		{3B441D59-4CF7-4D78-9121-7A13A1A2E877} = {3B441D59-4CF7-4D78-9121-7A13A1A2E877}
		{D358C17F-CB8D-45CA-BFCD-B1BBC29030F5} = {D358C17F-CB8D-45CA-BFCD-B1BBC29030F5}
		{16136FB3-61E8-4939-8E8C-24CEBC7C6396} = {16136FB3-61E8-4939-8E8C-24CEBC7C6396}
		{2C00AAD9-0AF5-4B18-B894-93EAFD2912B8} = {2C00AAD9-0AF5-4B18-B894-93EAFD2912B8}
		{2BF358DF-53EF-468F-9B48-847DA5CAFBF4} = {2BF358DF-53EF-468F-9B48-847DA5CAFBF4}
		{2E6411F3-A025-44FD-A058-11FD94577C46} = {2E6411F3-A025-44FD-A058-11FD94577C46}
	EndProjectSection
EndProject
Project("{8BC9CEB8-8B4A-11D0-8D11-00A0C91BC942}") = "xml", "sngxml\xml\xml.vcxproj", "{2E6411F3-A025-44FD-A058-11FD94577C46}"
	ProjectSection(ProjectDependencies) = postProject
		{44E3B211-0D82-4BAC-A948-D7F6F90F3D56} = {44E3B211-0D82-4BAC-A948-D7F6F90F3D56}
		{EC2AEB11-F4B2-4549-AF28-BA853DD5F748} = {EC2AEB11-F4B2-4549-AF28-BA853DD5F748}
		{1C742113-33EE-4C21-AFCB-5978994C0B1B} = {1C742113-33EE-4C21-AFCB-5978994C0B1B}
		{3B441D59-4CF7-4D78-9121-7A13A1A2E877} = {3B441D59-4CF7-4D78-9121-7A13A1A2E877}
		{16136FB3-61E8-4939-8E8C-24CEBC7C6396} = {16136FB3-61E8-4939-8E8C-24CEBC7C6396}
		{2C00AAD9-0AF5-4B18-B894-93EAFD2912B8} = {2C00AAD9-0AF5-4B18-B894-93EAFD2912B8}
		{2BF358DF-53EF-468F-9B48-847DA5CAFBF4} = {2BF358DF-53EF-468F-9B48-847DA5CAFBF4}
	EndProjectSection
EndProject
Project("{8BC9CEB8-8B4A-11D0-8D11-00A0C91BC942}") = "xmlsergen", "sngxml\xmlsergen\xmlsergen.vcxproj", "{58DBF7E1-2111-4578-A979-2FE1904A588F}"
	ProjectSection(ProjectDependencies) = postProject
		{44E3B211-0D82-4BAC-A948-D7F6F90F3D56} = {44E3B211-0D82-4BAC-A948-D7F6F90F3D56}
		{EC2AEB11-F4B2-4549-AF28-BA853DD5F748} = {EC2AEB11-F4B2-4549-AF28-BA853DD5F748}
		{1C742113-33EE-4C21-AFCB-5978994C0B1B} = {1C742113-33EE-4C21-AFCB-5978994C0B1B}
		{84739028-A599-44A4-BE85-545092FFA09E} = {84739028-A599-44A4-BE85-545092FFA09E}
		{3B441D59-4CF7-4D78-9121-7A13A1A2E877} = {3B441D59-4CF7-4D78-9121-7A13A1A2E877}
		{D358C17F-CB8D-45CA-BFCD-B1BBC29030F5} = {D358C17F-CB8D-45CA-BFCD-B1BBC29030F5}
		{401CC0AC-FFCE-4816-AA67-9852E6BC4122} = {401CC0AC-FFCE-4816-AA67-9852E6BC4122}
		{16136FB3-61E8-4939-8E8C-24CEBC7C6396} = {16136FB3-61E8-4939-8E8C-24CEBC7C6396}
		{2C00AAD9-0AF5-4B18-B894-93EAFD2912B8} = {2C00AAD9-0AF5-4B18-B894-93EAFD2912B8}
		{2BF358DF-53EF-468F-9B48-847DA5CAFBF4} = {2BF358DF-53EF-468F-9B48-847DA5CAFBF4}
		{2E6411F3-A025-44FD-A058-11FD94577C46} = {2E6411F3-A025-44FD-A058-11FD94577C46}
	EndProjectSection
EndProject
Project("{8BC9CEB8-8B4A-11D0-8D11-00A0C91BC942}") = "xmlserializationtest", "sngxml\xmlserializationtest\xmlserializationtest.vcxproj", "{3CDD91A2-BABC-4B53-ABAE-5742B4DB6137}"
	ProjectSection(ProjectDependencies) = postProject
		{44E3B211-0D82-4BAC-A948-D7F6F90F3D56} = {44E3B211-0D82-4BAC-A948-D7F6F90F3D56}
		{EC2AEB11-F4B2-4549-AF28-BA853DD5F748} = {EC2AEB11-F4B2-4549-AF28-BA853DD5F748}
		{1C742113-33EE-4C21-AFCB-5978994C0B1B} = {1C742113-33EE-4C21-AFCB-5978994C0B1B}
		{84739028-A599-44A4-BE85-545092FFA09E} = {84739028-A599-44A4-BE85-545092FFA09E}
		{3B441D59-4CF7-4D78-9121-7A13A1A2E877} = {3B441D59-4CF7-4D78-9121-7A13A1A2E877}
		{D358C17F-CB8D-45CA-BFCD-B1BBC29030F5} = {D358C17F-CB8D-45CA-BFCD-B1BBC29030F5}
		{401CC0AC-FFCE-4816-AA67-9852E6BC4122} = {401CC0AC-FFCE-4816-AA67-9852E6BC4122}
		{16136FB3-61E8-4939-8E8C-24CEBC7C6396} = {16136FB3-61E8-4939-8E8C-24CEBC7C6396}
		{2C00AAD9-0AF5-4B18-B894-93EAFD2912B8} = {2C00AAD9-0AF5-4B18-B894-93EAFD2912B8}
		{2BF358DF-53EF-468F-9B48-847DA5CAFBF4} = {2BF358DF-53EF-468F-9B48-847DA5CAFBF4}
		{58DBF7E1-2111-4578-A979-2FE1904A588F} = {58DBF7E1-2111-4578-A979-2FE1904A588F}
		{2E6411F3-A025-44FD-A058-11FD94577C46} = {2E6411F3-A025-44FD-A058-11FD94577C46}
	EndProjectSection
EndProject
Project("{8BC9CEB8-8B4A-11D0-8D11-00A0C91BC942}") = "xpath", "sngxml\xpath\xpath.vcxproj", "{84739028-A599-44A4-BE85-545092FFA09E}"
	ProjectSection(ProjectDependencies) = postProject
		{44E3B211-0D82-4BAC-A948-D7F6F90F3D56} = {44E3B211-0D82-4BAC-A948-D7F6F90F3D56}
		{EC2AEB11-F4B2-4549-AF28-BA853DD5F748} = {EC2AEB11-F4B2-4549-AF28-BA853DD5F748}
		{1C742113-33EE-4C21-AFCB-5978994C0B1B} = {1C742113-33EE-4C21-AFCB-5978994C0B1B}
		{3B441D59-4CF7-4D78-9121-7A13A1A2E877} = {3B441D59-4CF7-4D78-9121-7A13A1A2E877}
		{D358C17F-CB8D-45CA-BFCD-B1BBC29030F5} = {D358C17F-CB8D-45CA-BFCD-B1BBC29030F5}
		{16136FB3-61E8-4939-8E8C-24CEBC7C6396} = {16136FB3-61E8-4939-8E8C-24CEBC7C6396}
		{2C00AAD9-0AF5-4B18-B894-93EAFD2912B8} = {2C00AAD9-0AF5-4B18-B894-93EAFD2912B8}
		{2BF358DF-53EF-468F-9B48-847DA5CAFBF4} = {2BF358DF-53EF-468F-9B48-847DA5CAFBF4}
		{2E6411F3-A025-44FD-A058-11FD94577C46} = {2E6411F3-A025-44FD-A058-11FD94577C46}
	EndProjectSection
EndProject
Project("{2150E333-8FDC-42A3-9474-1A3956D46DE8}") = "tools", "tools", "{0B199CCF-2887-4994-B3E6-AB0A3759C126}"
EndProject
Project("{2150E333-8FDC-42A3-9474-1A3956D46DE8}") = "cpp2cm", "cpp2cm", "{CD96E0DE-D528-402E-8903-B671F7757A3D}"
EndProject
Project("{8BC9CEB8-8B4A-11D0-8D11-00A0C91BC942}") = "cpp2cm", "tools\cpp2cm\cpp2cm\cpp2cm.vcxproj", "{24EE7D84-4323-4696-951C-60551988F5FB}"
	ProjectSection(ProjectDependencies) = postProject
		{44E3B211-0D82-4BAC-A948-D7F6F90F3D56} = {44E3B211-0D82-4BAC-A948-D7F6F90F3D56}
		{EC2AEB11-F4B2-4549-AF28-BA853DD5F748} = {EC2AEB11-F4B2-4549-AF28-BA853DD5F748}
		{1C742113-33EE-4C21-AFCB-5978994C0B1B} = {1C742113-33EE-4C21-AFCB-5978994C0B1B}
		{1D0DD825-B0A9-4C94-A97D-94983F9725E1} = {1D0DD825-B0A9-4C94-A97D-94983F9725E1}
		{84739028-A599-44A4-BE85-545092FFA09E} = {84739028-A599-44A4-BE85-545092FFA09E}
		{E9F70F49-8111-41A4-A0C6-7A03BE7A661D} = {E9F70F49-8111-41A4-A0C6-7A03BE7A661D}
		{3B441D59-4CF7-4D78-9121-7A13A1A2E877} = {3B441D59-4CF7-4D78-9121-7A13A1A2E877}
		{8C173761-0313-4297-AE3E-A30ED88F678D} = {8C173761-0313-4297-AE3E-A30ED88F678D}
		{2E1BEC72-75B3-4EF5-ACE5-A147A789C150} = {2E1BEC72-75B3-4EF5-ACE5-A147A789C150}
		{3D2ABA7D-81A4-4792-BC61-7D61BA1F361B} = {3D2ABA7D-81A4-4792-BC61-7D61BA1F361B}
		{D358C17F-CB8D-45CA-BFCD-B1BBC29030F5} = {D358C17F-CB8D-45CA-BFCD-B1BBC29030F5}
		{0C051585-36B7-4351-87FA-1B930DC925FC} = {0C051585-36B7-4351-87FA-1B930DC925FC}
		{401CC0AC-FFCE-4816-AA67-9852E6BC4122} = {401CC0AC-FFCE-4816-AA67-9852E6BC4122}
		{16136FB3-61E8-4939-8E8C-24CEBC7C6396} = {16136FB3-61E8-4939-8E8C-24CEBC7C6396}
		{53994CBE-FB41-45EA-9AB1-01CCA6C59AC5} = {53994CBE-FB41-45EA-9AB1-01CCA6C59AC5}
		{009A56BE-2839-40E6-BA22-6D54972D9126} = {009A56BE-2839-40E6-BA22-6D54972D9126}
		{CC2DF8C3-882B-4B2B-BCB2-B06248FFF8CA} = {CC2DF8C3-882B-4B2B-BCB2-B06248FFF8CA}
		{2C00AAD9-0AF5-4B18-B894-93EAFD2912B8} = {2C00AAD9-0AF5-4B18-B894-93EAFD2912B8}
		{2BF358DF-53EF-468F-9B48-847DA5CAFBF4} = {2BF358DF-53EF-468F-9B48-847DA5CAFBF4}
		{726D63DF-8C0C-4A93-AF56-F46F0F981921} = {726D63DF-8C0C-4A93-AF56-F46F0F981921}
		{58DBF7E1-2111-4578-A979-2FE1904A588F} = {58DBF7E1-2111-4578-A979-2FE1904A588F}
		{2E6411F3-A025-44FD-A058-11FD94577C46} = {2E6411F3-A025-44FD-A058-11FD94577C46}
	EndProjectSection
EndProject
Project("{2150E333-8FDC-42A3-9474-1A3956D46DE8}") = "gendoc", "gendoc", "{880BEBF7-0B80-4EDF-94C0-7A34292C3BD6}"
EndProject
Project("{8BC9CEB8-8B4A-11D0-8D11-00A0C91BC942}") = "gendoc", "tools\gendoc\gendoc\gendoc.vcxproj", "{398F54B5-8EBA-46EB-B18F-30CDBB26E656}"
	ProjectSection(ProjectDependencies) = postProject
		{44E3B211-0D82-4BAC-A948-D7F6F90F3D56} = {44E3B211-0D82-4BAC-A948-D7F6F90F3D56}
		{EC2AEB11-F4B2-4549-AF28-BA853DD5F748} = {EC2AEB11-F4B2-4549-AF28-BA853DD5F748}
		{1C742113-33EE-4C21-AFCB-5978994C0B1B} = {1C742113-33EE-4C21-AFCB-5978994C0B1B}
		{F94FBC13-2D56-4D30-BC3F-1DFE1FD1335E} = {F94FBC13-2D56-4D30-BC3F-1DFE1FD1335E}
		{1D0DD825-B0A9-4C94-A97D-94983F9725E1} = {1D0DD825-B0A9-4C94-A97D-94983F9725E1}
		{84739028-A599-44A4-BE85-545092FFA09E} = {84739028-A599-44A4-BE85-545092FFA09E}
		{3B441D59-4CF7-4D78-9121-7A13A1A2E877} = {3B441D59-4CF7-4D78-9121-7A13A1A2E877}
		{8C173761-0313-4297-AE3E-A30ED88F678D} = {8C173761-0313-4297-AE3E-A30ED88F678D}
		{2E1BEC72-75B3-4EF5-ACE5-A147A789C150} = {2E1BEC72-75B3-4EF5-ACE5-A147A789C150}
		{3D2ABA7D-81A4-4792-BC61-7D61BA1F361B} = {3D2ABA7D-81A4-4792-BC61-7D61BA1F361B}
		{D358C17F-CB8D-45CA-BFCD-B1BBC29030F5} = {D358C17F-CB8D-45CA-BFCD-B1BBC29030F5}
		{0C051585-36B7-4351-87FA-1B930DC925FC} = {0C051585-36B7-4351-87FA-1B930DC925FC}
		{3CDD91A2-BABC-4B53-ABAE-5742B4DB6137} = {3CDD91A2-BABC-4B53-ABAE-5742B4DB6137}
		{401CC0AC-FFCE-4816-AA67-9852E6BC4122} = {401CC0AC-FFCE-4816-AA67-9852E6BC4122}
		{16136FB3-61E8-4939-8E8C-24CEBC7C6396} = {16136FB3-61E8-4939-8E8C-24CEBC7C6396}
		{009A56BE-2839-40E6-BA22-6D54972D9126} = {009A56BE-2839-40E6-BA22-6D54972D9126}
		{CC2DF8C3-882B-4B2B-BCB2-B06248FFF8CA} = {CC2DF8C3-882B-4B2B-BCB2-B06248FFF8CA}
		{2C00AAD9-0AF5-4B18-B894-93EAFD2912B8} = {2C00AAD9-0AF5-4B18-B894-93EAFD2912B8}
		{2BF358DF-53EF-468F-9B48-847DA5CAFBF4} = {2BF358DF-53EF-468F-9B48-847DA5CAFBF4}
		{726D63DF-8C0C-4A93-AF56-F46F0F981921} = {726D63DF-8C0C-4A93-AF56-F46F0F981921}
		{58DBF7E1-2111-4578-A979-2FE1904A588F} = {58DBF7E1-2111-4578-A979-2FE1904A588F}
		{2E6411F3-A025-44FD-A058-11FD94577C46} = {2E6411F3-A025-44FD-A058-11FD94577C46}
	EndProjectSection
EndProject
Project("{8BC9CEB8-8B4A-11D0-8D11-00A0C91BC942}") = "html", "tools\gendoc\html\html.vcxproj", "{F94FBC13-2D56-4D30-BC3F-1DFE1FD1335E}"
	ProjectSection(ProjectDependencies) = postProject
		{44E3B211-0D82-4BAC-A948-D7F6F90F3D56} = {44E3B211-0D82-4BAC-A948-D7F6F90F3D56}
		{EC2AEB11-F4B2-4549-AF28-BA853DD5F748} = {EC2AEB11-F4B2-4549-AF28-BA853DD5F748}
		{1C742113-33EE-4C21-AFCB-5978994C0B1B} = {1C742113-33EE-4C21-AFCB-5978994C0B1B}
		{1D0DD825-B0A9-4C94-A97D-94983F9725E1} = {1D0DD825-B0A9-4C94-A97D-94983F9725E1}
		{84739028-A599-44A4-BE85-545092FFA09E} = {84739028-A599-44A4-BE85-545092FFA09E}
		{3B441D59-4CF7-4D78-9121-7A13A1A2E877} = {3B441D59-4CF7-4D78-9121-7A13A1A2E877}
		{8C173761-0313-4297-AE3E-A30ED88F678D} = {8C173761-0313-4297-AE3E-A30ED88F678D}
		{3D2ABA7D-81A4-4792-BC61-7D61BA1F361B} = {3D2ABA7D-81A4-4792-BC61-7D61BA1F361B}
		{D358C17F-CB8D-45CA-BFCD-B1BBC29030F5} = {D358C17F-CB8D-45CA-BFCD-B1BBC29030F5}
		{0C051585-36B7-4351-87FA-1B930DC925FC} = {0C051585-36B7-4351-87FA-1B930DC925FC}
		{3CDD91A2-BABC-4B53-ABAE-5742B4DB6137} = {3CDD91A2-BABC-4B53-ABAE-5742B4DB6137}
		{401CC0AC-FFCE-4816-AA67-9852E6BC4122} = {401CC0AC-FFCE-4816-AA67-9852E6BC4122}
		{16136FB3-61E8-4939-8E8C-24CEBC7C6396} = {16136FB3-61E8-4939-8E8C-24CEBC7C6396}
		{C2F760BC-2170-4535-BD38-A8B3403B0608} = {C2F760BC-2170-4535-BD38-A8B3403B0608}
		{009A56BE-2839-40E6-BA22-6D54972D9126} = {009A56BE-2839-40E6-BA22-6D54972D9126}
		{CC2DF8C3-882B-4B2B-BCB2-B06248FFF8CA} = {CC2DF8C3-882B-4B2B-BCB2-B06248FFF8CA}
		{2C00AAD9-0AF5-4B18-B894-93EAFD2912B8} = {2C00AAD9-0AF5-4B18-B894-93EAFD2912B8}
		{2BF358DF-53EF-468F-9B48-847DA5CAFBF4} = {2BF358DF-53EF-468F-9B48-847DA5CAFBF4}
		{58DBF7E1-2111-4578-A979-2FE1904A588F} = {58DBF7E1-2111-4578-A979-2FE1904A588F}
		{2E6411F3-A025-44FD-A058-11FD94577C46} = {2E6411F3-A025-44FD-A058-11FD94577C46}
	EndProjectSection
EndProject
Project("{2150E333-8FDC-42A3-9474-1A3956D46DE8}") = "sng2html", "sng2html", "{B299B63C-E32E-4DA4-875C-0D1349324237}"
EndProject
Project("{8BC9CEB8-8B4A-11D0-8D11-00A0C91BC942}") = "sng2html", "tools\sng2html\sng2html\sng2html.vcxproj", "{CE0B3EFC-F18F-4058-A1AA-FFFE9A2F7BA0}"
	ProjectSection(ProjectDependencies) = postProject
		{44E3B211-0D82-4BAC-A948-D7F6F90F3D56} = {44E3B211-0D82-4BAC-A948-D7F6F90F3D56}
		{EC2AEB11-F4B2-4549-AF28-BA853DD5F748} = {EC2AEB11-F4B2-4549-AF28-BA853DD5F748}
		{1C742113-33EE-4C21-AFCB-5978994C0B1B} = {1C742113-33EE-4C21-AFCB-5978994C0B1B}
		{84739028-A599-44A4-BE85-545092FFA09E} = {84739028-A599-44A4-BE85-545092FFA09E}
		{3B441D59-4CF7-4D78-9121-7A13A1A2E877} = {3B441D59-4CF7-4D78-9121-7A13A1A2E877}
		{D358C17F-CB8D-45CA-BFCD-B1BBC29030F5} = {D358C17F-CB8D-45CA-BFCD-B1BBC29030F5}
		{401CC0AC-FFCE-4816-AA67-9852E6BC4122} = {401CC0AC-FFCE-4816-AA67-9852E6BC4122}
		{16136FB3-61E8-4939-8E8C-24CEBC7C6396} = {16136FB3-61E8-4939-8E8C-24CEBC7C6396}
		{2C00AAD9-0AF5-4B18-B894-93EAFD2912B8} = {2C00AAD9-0AF5-4B18-B894-93EAFD2912B8}
		{2BF358DF-53EF-468F-9B48-847DA5CAFBF4} = {2BF358DF-53EF-468F-9B48-847DA5CAFBF4}
		{58DBF7E1-2111-4578-A979-2FE1904A588F} = {58DBF7E1-2111-4578-A979-2FE1904A588F}
		{2E6411F3-A025-44FD-A058-11FD94577C46} = {2E6411F3-A025-44FD-A058-11FD94577C46}
	EndProjectSection
EndProject
Project("{2150E333-8FDC-42A3-9474-1A3956D46DE8}") = "snginst", "snginst", "{E6C56F86-16E3-42EF-A05E-E4A36C5D1ED4}"
EndProject
Project("{8BC9CEB8-8B4A-11D0-8D11-00A0C91BC942}") = "snginst", "tools\snginst\snginst\snginst.vcxproj", "{0497952D-BBE6-406F-8926-BD1AAB70AC74}"
	ProjectSection(ProjectDependencies) = postProject
		{44E3B211-0D82-4BAC-A948-D7F6F90F3D56} = {44E3B211-0D82-4BAC-A948-D7F6F90F3D56}
		{EC2AEB11-F4B2-4549-AF28-BA853DD5F748} = {EC2AEB11-F4B2-4549-AF28-BA853DD5F748}
		{1C742113-33EE-4C21-AFCB-5978994C0B1B} = {1C742113-33EE-4C21-AFCB-5978994C0B1B}
		{3B441D59-4CF7-4D78-9121-7A13A1A2E877} = {3B441D59-4CF7-4D78-9121-7A13A1A2E877}
		{16136FB3-61E8-4939-8E8C-24CEBC7C6396} = {16136FB3-61E8-4939-8E8C-24CEBC7C6396}
		{2C00AAD9-0AF5-4B18-B894-93EAFD2912B8} = {2C00AAD9-0AF5-4B18-B894-93EAFD2912B8}
		{2BF358DF-53EF-468F-9B48-847DA5CAFBF4} = {2BF358DF-53EF-468F-9B48-847DA5CAFBF4}
	EndProjectSection
EndProject
Project("{2150E333-8FDC-42A3-9474-1A3956D46DE8}") = "cppfrag2html", "cppfrag2html", "{323AF334-BB8A-45FD-8B68-B539F20A9D8A}"
EndProject
Project("{8BC9CEB8-8B4A-11D0-8D11-00A0C91BC942}") = "cppfrag2html", "tools\cppfrag2html\cppfrag2html.vcxproj", "{2009ACD8-06C3-414B-BDF3-760838DD6F0C}"
	ProjectSection(ProjectDependencies) = postProject
		{63055C0A-5C2B-4248-8B29-07FEE41C9999} = {63055C0A-5C2B-4248-8B29-07FEE41C9999}
		{44E3B211-0D82-4BAC-A948-D7F6F90F3D56} = {44E3B211-0D82-4BAC-A948-D7F6F90F3D56}
		{1C742113-33EE-4C21-AFCB-5978994C0B1B} = {1C742113-33EE-4C21-AFCB-5978994C0B1B}
		{84739028-A599-44A4-BE85-545092FFA09E} = {84739028-A599-44A4-BE85-545092FFA09E}
		{3B441D59-4CF7-4D78-9121-7A13A1A2E877} = {3B441D59-4CF7-4D78-9121-7A13A1A2E877}
		{266AA07C-C465-47A0-A42A-4EA7E2893CAA} = {266AA07C-C465-47A0-A42A-4EA7E2893CAA}
		{D358C17F-CB8D-45CA-BFCD-B1BBC29030F5} = {D358C17F-CB8D-45CA-BFCD-B1BBC29030F5}
		{B4523687-09CB-41E2-A476-74011F4C9CC4} = {B4523687-09CB-41E2-A476-74011F4C9CC4}
		{BE0A7FAC-D554-4376-B693-5E056F8DD91E} = {BE0A7FAC-D554-4376-B693-5E056F8DD91E}
		{16136FB3-61E8-4939-8E8C-24CEBC7C6396} = {16136FB3-61E8-4939-8E8C-24CEBC7C6396}
		{91050EB6-72F2-4AE1-82B5-4226CA8C8D70} = {91050EB6-72F2-4AE1-82B5-4226CA8C8D70}
		{2BF358DF-53EF-468F-9B48-847DA5CAFBF4} = {2BF358DF-53EF-468F-9B48-847DA5CAFBF4}
		{2E6411F3-A025-44FD-A058-11FD94577C46} = {2E6411F3-A025-44FD-A058-11FD94577C46}
	EndProjectSection
EndProject
Project("{8BC9CEB8-8B4A-11D0-8D11-00A0C91BC942}") = "config", "sngcpp20\config\config.vcxproj", "{5E18EDAA-6E46-4E73-98F3-21845D6BD83E}"
EndProject
Project("{8BC9CEB8-8B4A-11D0-8D11-00A0C91BC942}") = "pp", "sngcpp20\pp\pp.vcxproj", "{266AA07C-C465-47A0-A42A-4EA7E2893CAA}"
	ProjectSection(ProjectDependencies) = postProject
		{63055C0A-5C2B-4248-8B29-07FEE41C9999} = {63055C0A-5C2B-4248-8B29-07FEE41C9999}
		{44E3B211-0D82-4BAC-A948-D7F6F90F3D56} = {44E3B211-0D82-4BAC-A948-D7F6F90F3D56}
		{EC2AEB11-F4B2-4549-AF28-BA853DD5F748} = {EC2AEB11-F4B2-4549-AF28-BA853DD5F748}
		{1C742113-33EE-4C21-AFCB-5978994C0B1B} = {1C742113-33EE-4C21-AFCB-5978994C0B1B}
		{3B441D59-4CF7-4D78-9121-7A13A1A2E877} = {3B441D59-4CF7-4D78-9121-7A13A1A2E877}
		{79E9E96D-B60D-4436-9513-7D5C6D8773E6} = {79E9E96D-B60D-4436-9513-7D5C6D8773E6}
		{B4523687-09CB-41E2-A476-74011F4C9CC4} = {B4523687-09CB-41E2-A476-74011F4C9CC4}
		{16136FB3-61E8-4939-8E8C-24CEBC7C6396} = {16136FB3-61E8-4939-8E8C-24CEBC7C6396}
		{91050EB6-72F2-4AE1-82B5-4226CA8C8D70} = {91050EB6-72F2-4AE1-82B5-4226CA8C8D70}
		{2C00AAD9-0AF5-4B18-B894-93EAFD2912B8} = {2C00AAD9-0AF5-4B18-B894-93EAFD2912B8}
		{2BF358DF-53EF-468F-9B48-847DA5CAFBF4} = {2BF358DF-53EF-468F-9B48-847DA5CAFBF4}
	EndProjectSection
EndProject
Global
	GlobalSection(SolutionConfigurationPlatforms) = preSolution
		Debug|x64 = Debug|x64
		Debug|x86 = Debug|x86
		Release|x64 = Release|x64
		Release|x86 = Release|x86
	EndGlobalSection
	GlobalSection(ProjectConfigurationPlatforms) = postSolution
		{3B441D59-4CF7-4D78-9121-7A13A1A2E877}.Debug|x64.ActiveCfg = Debug|x64
		{3B441D59-4CF7-4D78-9121-7A13A1A2E877}.Debug|x64.Build.0 = Debug|x64
		{3B441D59-4CF7-4D78-9121-7A13A1A2E877}.Debug|x86.ActiveCfg = Debug|Win32
		{3B441D59-4CF7-4D78-9121-7A13A1A2E877}.Debug|x86.Build.0 = Debug|Win32
		{3B441D59-4CF7-4D78-9121-7A13A1A2E877}.Release|x64.ActiveCfg = Release|x64
		{3B441D59-4CF7-4D78-9121-7A13A1A2E877}.Release|x64.Build.0 = Release|x64
		{3B441D59-4CF7-4D78-9121-7A13A1A2E877}.Release|x86.ActiveCfg = Release|Win32
		{3B441D59-4CF7-4D78-9121-7A13A1A2E877}.Release|x86.Build.0 = Release|Win32
		{44E3B211-0D82-4BAC-A948-D7F6F90F3D56}.Debug|x64.ActiveCfg = Debug|x64
		{44E3B211-0D82-4BAC-A948-D7F6F90F3D56}.Debug|x64.Build.0 = Debug|x64
		{44E3B211-0D82-4BAC-A948-D7F6F90F3D56}.Debug|x86.ActiveCfg = Debug|Win32
		{44E3B211-0D82-4BAC-A948-D7F6F90F3D56}.Debug|x86.Build.0 = Debug|Win32
		{44E3B211-0D82-4BAC-A948-D7F6F90F3D56}.Release|x64.ActiveCfg = Release|x64
		{44E3B211-0D82-4BAC-A948-D7F6F90F3D56}.Release|x64.Build.0 = Release|x64
		{44E3B211-0D82-4BAC-A948-D7F6F90F3D56}.Release|x86.ActiveCfg = Release|Win32
		{44E3B211-0D82-4BAC-A948-D7F6F90F3D56}.Release|x86.Build.0 = Release|Win32
		{1C742113-33EE-4C21-AFCB-5978994C0B1B}.Debug|x64.ActiveCfg = Debug|x64
		{1C742113-33EE-4C21-AFCB-5978994C0B1B}.Debug|x64.Build.0 = Debug|x64
		{1C742113-33EE-4C21-AFCB-5978994C0B1B}.Debug|x86.ActiveCfg = Debug|Win32
		{1C742113-33EE-4C21-AFCB-5978994C0B1B}.Debug|x86.Build.0 = Debug|Win32
		{1C742113-33EE-4C21-AFCB-5978994C0B1B}.Release|x64.ActiveCfg = Release|x64
		{1C742113-33EE-4C21-AFCB-5978994C0B1B}.Release|x64.Build.0 = Release|x64
		{1C742113-33EE-4C21-AFCB-5978994C0B1B}.Release|x86.ActiveCfg = Release|Win32
		{1C742113-33EE-4C21-AFCB-5978994C0B1B}.Release|x86.Build.0 = Release|Win32
		{2BF358DF-53EF-468F-9B48-847DA5CAFBF4}.Debug|x64.ActiveCfg = Debug|x64
		{2BF358DF-53EF-468F-9B48-847DA5CAFBF4}.Debug|x64.Build.0 = Debug|x64
		{2BF358DF-53EF-468F-9B48-847DA5CAFBF4}.Debug|x86.ActiveCfg = Debug|Win32
		{2BF358DF-53EF-468F-9B48-847DA5CAFBF4}.Debug|x86.Build.0 = Debug|Win32
		{2BF358DF-53EF-468F-9B48-847DA5CAFBF4}.Release|x64.ActiveCfg = Release|x64
		{2BF358DF-53EF-468F-9B48-847DA5CAFBF4}.Release|x64.Build.0 = Release|x64
		{2BF358DF-53EF-468F-9B48-847DA5CAFBF4}.Release|x86.ActiveCfg = Release|Win32
		{2BF358DF-53EF-468F-9B48-847DA5CAFBF4}.Release|x86.Build.0 = Release|Win32
		{2C00AAD9-0AF5-4B18-B894-93EAFD2912B8}.Debug|x64.ActiveCfg = Debug|x64
		{2C00AAD9-0AF5-4B18-B894-93EAFD2912B8}.Debug|x64.Build.0 = Debug|x64
		{2C00AAD9-0AF5-4B18-B894-93EAFD2912B8}.Debug|x86.ActiveCfg = Debug|Win32
		{2C00AAD9-0AF5-4B18-B894-93EAFD2912B8}.Debug|x86.Build.0 = Debug|Win32
		{2C00AAD9-0AF5-4B18-B894-93EAFD2912B8}.Release|x64.ActiveCfg = Release|x64
		{2C00AAD9-0AF5-4B18-B894-93EAFD2912B8}.Release|x64.Build.0 = Release|x64
		{2C00AAD9-0AF5-4B18-B894-93EAFD2912B8}.Release|x86.ActiveCfg = Release|Win32
		{2C00AAD9-0AF5-4B18-B894-93EAFD2912B8}.Release|x86.Build.0 = Release|Win32
		{EC2AEB11-F4B2-4549-AF28-BA853DD5F748}.Debug|x64.ActiveCfg = Debug|x64
		{EC2AEB11-F4B2-4549-AF28-BA853DD5F748}.Debug|x64.Build.0 = Debug|x64
		{EC2AEB11-F4B2-4549-AF28-BA853DD5F748}.Debug|x86.ActiveCfg = Debug|Win32
		{EC2AEB11-F4B2-4549-AF28-BA853DD5F748}.Debug|x86.Build.0 = Debug|Win32
		{EC2AEB11-F4B2-4549-AF28-BA853DD5F748}.Release|x64.ActiveCfg = Release|x64
		{EC2AEB11-F4B2-4549-AF28-BA853DD5F748}.Release|x64.Build.0 = Release|x64
		{EC2AEB11-F4B2-4549-AF28-BA853DD5F748}.Release|x86.ActiveCfg = Release|Win32
		{EC2AEB11-F4B2-4549-AF28-BA853DD5F748}.Release|x86.Build.0 = Release|Win32
		{16136FB3-61E8-4939-8E8C-24CEBC7C6396}.Debug|x64.ActiveCfg = Debug|x64
		{16136FB3-61E8-4939-8E8C-24CEBC7C6396}.Debug|x64.Build.0 = Debug|x64
		{16136FB3-61E8-4939-8E8C-24CEBC7C6396}.Debug|x86.ActiveCfg = Debug|Win32
		{16136FB3-61E8-4939-8E8C-24CEBC7C6396}.Debug|x86.Build.0 = Debug|Win32
		{16136FB3-61E8-4939-8E8C-24CEBC7C6396}.Release|x64.ActiveCfg = Release|x64
		{16136FB3-61E8-4939-8E8C-24CEBC7C6396}.Release|x64.Build.0 = Release|x64
		{16136FB3-61E8-4939-8E8C-24CEBC7C6396}.Release|x86.ActiveCfg = Release|Win32
		{16136FB3-61E8-4939-8E8C-24CEBC7C6396}.Release|x86.Build.0 = Release|Win32
		{882459DA-EDAE-4FD9-AF57-B2736259BDA4}.Debug|x64.ActiveCfg = Debug|x64
		{882459DA-EDAE-4FD9-AF57-B2736259BDA4}.Debug|x64.Build.0 = Debug|x64
		{882459DA-EDAE-4FD9-AF57-B2736259BDA4}.Debug|x86.ActiveCfg = Debug|Win32
		{882459DA-EDAE-4FD9-AF57-B2736259BDA4}.Debug|x86.Build.0 = Debug|Win32
		{882459DA-EDAE-4FD9-AF57-B2736259BDA4}.Release|x64.ActiveCfg = Release|x64
		{882459DA-EDAE-4FD9-AF57-B2736259BDA4}.Release|x64.Build.0 = Release|x64
		{882459DA-EDAE-4FD9-AF57-B2736259BDA4}.Release|x86.ActiveCfg = Release|Win32
		{882459DA-EDAE-4FD9-AF57-B2736259BDA4}.Release|x86.Build.0 = Release|Win32
		{53994CBE-FB41-45EA-9AB1-01CCA6C59AC5}.Debug|x64.ActiveCfg = Debug|x64
		{53994CBE-FB41-45EA-9AB1-01CCA6C59AC5}.Debug|x64.Build.0 = Debug|x64
		{53994CBE-FB41-45EA-9AB1-01CCA6C59AC5}.Debug|x86.ActiveCfg = Debug|Win32
		{53994CBE-FB41-45EA-9AB1-01CCA6C59AC5}.Debug|x86.Build.0 = Debug|Win32
		{53994CBE-FB41-45EA-9AB1-01CCA6C59AC5}.Release|x64.ActiveCfg = Release|x64
		{53994CBE-FB41-45EA-9AB1-01CCA6C59AC5}.Release|x64.Build.0 = Release|x64
		{53994CBE-FB41-45EA-9AB1-01CCA6C59AC5}.Release|x86.ActiveCfg = Release|Win32
		{53994CBE-FB41-45EA-9AB1-01CCA6C59AC5}.Release|x86.Build.0 = Release|Win32
		{2E1BEC72-75B3-4EF5-ACE5-A147A789C150}.Debug|x64.ActiveCfg = Debug|x64
		{2E1BEC72-75B3-4EF5-ACE5-A147A789C150}.Debug|x64.Build.0 = Debug|x64
		{2E1BEC72-75B3-4EF5-ACE5-A147A789C150}.Debug|x86.ActiveCfg = Debug|Win32
		{2E1BEC72-75B3-4EF5-ACE5-A147A789C150}.Debug|x86.Build.0 = Debug|Win32
		{2E1BEC72-75B3-4EF5-ACE5-A147A789C150}.Release|x64.ActiveCfg = Release|x64
		{2E1BEC72-75B3-4EF5-ACE5-A147A789C150}.Release|x64.Build.0 = Release|x64
		{2E1BEC72-75B3-4EF5-ACE5-A147A789C150}.Release|x86.ActiveCfg = Release|Win32
		{2E1BEC72-75B3-4EF5-ACE5-A147A789C150}.Release|x86.Build.0 = Release|Win32
		{726D63DF-8C0C-4A93-AF56-F46F0F981921}.Debug|x64.ActiveCfg = Debug|x64
		{726D63DF-8C0C-4A93-AF56-F46F0F981921}.Debug|x64.Build.0 = Debug|x64
		{726D63DF-8C0C-4A93-AF56-F46F0F981921}.Debug|x86.ActiveCfg = Debug|Win32
		{726D63DF-8C0C-4A93-AF56-F46F0F981921}.Debug|x86.Build.0 = Debug|Win32
		{726D63DF-8C0C-4A93-AF56-F46F0F981921}.Release|x64.ActiveCfg = Release|x64
		{726D63DF-8C0C-4A93-AF56-F46F0F981921}.Release|x64.Build.0 = Release|x64
		{726D63DF-8C0C-4A93-AF56-F46F0F981921}.Release|x86.ActiveCfg = Release|Win32
		{726D63DF-8C0C-4A93-AF56-F46F0F981921}.Release|x86.Build.0 = Release|Win32
		{BD28BF2F-8629-44DC-BA80-50276A52116E}.Debug|x64.ActiveCfg = Debug|x64
		{BD28BF2F-8629-44DC-BA80-50276A52116E}.Debug|x64.Build.0 = Debug|x64
		{BD28BF2F-8629-44DC-BA80-50276A52116E}.Debug|x86.ActiveCfg = Debug|Win32
		{BD28BF2F-8629-44DC-BA80-50276A52116E}.Debug|x86.Build.0 = Debug|Win32
		{BD28BF2F-8629-44DC-BA80-50276A52116E}.Release|x64.ActiveCfg = Release|x64
		{BD28BF2F-8629-44DC-BA80-50276A52116E}.Release|x64.Build.0 = Release|x64
		{BD28BF2F-8629-44DC-BA80-50276A52116E}.Release|x86.ActiveCfg = Release|Win32
		{BD28BF2F-8629-44DC-BA80-50276A52116E}.Release|x86.Build.0 = Release|Win32
		{0C051585-36B7-4351-87FA-1B930DC925FC}.Debug|x64.ActiveCfg = Debug|x64
		{0C051585-36B7-4351-87FA-1B930DC925FC}.Debug|x64.Build.0 = Debug|x64
		{0C051585-36B7-4351-87FA-1B930DC925FC}.Debug|x86.ActiveCfg = Debug|Win32
		{0C051585-36B7-4351-87FA-1B930DC925FC}.Debug|x86.Build.0 = Debug|Win32
		{0C051585-36B7-4351-87FA-1B930DC925FC}.Release|x64.ActiveCfg = Release|x64
		{0C051585-36B7-4351-87FA-1B930DC925FC}.Release|x64.Build.0 = Release|x64
		{0C051585-36B7-4351-87FA-1B930DC925FC}.Release|x86.ActiveCfg = Release|Win32
		{0C051585-36B7-4351-87FA-1B930DC925FC}.Release|x86.Build.0 = Release|Win32
		{3D2ABA7D-81A4-4792-BC61-7D61BA1F361B}.Debug|x64.ActiveCfg = Debug|x64
		{3D2ABA7D-81A4-4792-BC61-7D61BA1F361B}.Debug|x64.Build.0 = Debug|x64
		{3D2ABA7D-81A4-4792-BC61-7D61BA1F361B}.Debug|x86.ActiveCfg = Debug|Win32
		{3D2ABA7D-81A4-4792-BC61-7D61BA1F361B}.Debug|x86.Build.0 = Debug|Win32
		{3D2ABA7D-81A4-4792-BC61-7D61BA1F361B}.Release|x64.ActiveCfg = Release|x64
		{3D2ABA7D-81A4-4792-BC61-7D61BA1F361B}.Release|x64.Build.0 = Release|x64
		{3D2ABA7D-81A4-4792-BC61-7D61BA1F361B}.Release|x86.ActiveCfg = Release|Win32
		{3D2ABA7D-81A4-4792-BC61-7D61BA1F361B}.Release|x86.Build.0 = Release|Win32
		{8C173761-0313-4297-AE3E-A30ED88F678D}.Debug|x64.ActiveCfg = Debug|x64
		{8C173761-0313-4297-AE3E-A30ED88F678D}.Debug|x64.Build.0 = Debug|x64
		{8C173761-0313-4297-AE3E-A30ED88F678D}.Debug|x86.ActiveCfg = Debug|Win32
		{8C173761-0313-4297-AE3E-A30ED88F678D}.Debug|x86.Build.0 = Debug|Win32
		{8C173761-0313-4297-AE3E-A30ED88F678D}.Release|x64.ActiveCfg = Release|x64
		{8C173761-0313-4297-AE3E-A30ED88F678D}.Release|x64.Build.0 = Release|x64
		{8C173761-0313-4297-AE3E-A30ED88F678D}.Release|x86.ActiveCfg = Release|Win32
		{8C173761-0313-4297-AE3E-A30ED88F678D}.Release|x86.Build.0 = Release|Win32
		{1D0DD825-B0A9-4C94-A97D-94983F9725E1}.Debug|x64.ActiveCfg = Debug|x64
		{1D0DD825-B0A9-4C94-A97D-94983F9725E1}.Debug|x64.Build.0 = Debug|x64
		{1D0DD825-B0A9-4C94-A97D-94983F9725E1}.Debug|x86.ActiveCfg = Debug|Win32
		{1D0DD825-B0A9-4C94-A97D-94983F9725E1}.Debug|x86.Build.0 = Debug|Win32
		{1D0DD825-B0A9-4C94-A97D-94983F9725E1}.Release|x64.ActiveCfg = Release|x64
		{1D0DD825-B0A9-4C94-A97D-94983F9725E1}.Release|x64.Build.0 = Release|x64
		{1D0DD825-B0A9-4C94-A97D-94983F9725E1}.Release|x86.ActiveCfg = Release|Win32
		{1D0DD825-B0A9-4C94-A97D-94983F9725E1}.Release|x86.Build.0 = Release|Win32
		{D79229E0-6C4D-4E9C-B5D3-E5951A66A3E6}.Debug|x64.ActiveCfg = Debug|x64
		{D79229E0-6C4D-4E9C-B5D3-E5951A66A3E6}.Debug|x64.Build.0 = Debug|x64
		{D79229E0-6C4D-4E9C-B5D3-E5951A66A3E6}.Debug|x86.ActiveCfg = Debug|Win32
		{D79229E0-6C4D-4E9C-B5D3-E5951A66A3E6}.Debug|x86.Build.0 = Debug|Win32
		{D79229E0-6C4D-4E9C-B5D3-E5951A66A3E6}.Release|x64.ActiveCfg = Release|x64
		{D79229E0-6C4D-4E9C-B5D3-E5951A66A3E6}.Release|x64.Build.0 = Release|x64
		{D79229E0-6C4D-4E9C-B5D3-E5951A66A3E6}.Release|x86.ActiveCfg = Release|Win32
		{D79229E0-6C4D-4E9C-B5D3-E5951A66A3E6}.Release|x86.Build.0 = Release|Win32
		{CC2DF8C3-882B-4B2B-BCB2-B06248FFF8CA}.Debug|x64.ActiveCfg = Debug|x64
		{CC2DF8C3-882B-4B2B-BCB2-B06248FFF8CA}.Debug|x64.Build.0 = Debug|x64
		{CC2DF8C3-882B-4B2B-BCB2-B06248FFF8CA}.Debug|x86.ActiveCfg = Debug|Win32
		{CC2DF8C3-882B-4B2B-BCB2-B06248FFF8CA}.Debug|x86.Build.0 = Debug|Win32
		{CC2DF8C3-882B-4B2B-BCB2-B06248FFF8CA}.Release|x64.ActiveCfg = Release|x64
		{CC2DF8C3-882B-4B2B-BCB2-B06248FFF8CA}.Release|x64.Build.0 = Release|x64
		{CC2DF8C3-882B-4B2B-BCB2-B06248FFF8CA}.Release|x86.ActiveCfg = Release|Win32
		{CC2DF8C3-882B-4B2B-BCB2-B06248FFF8CA}.Release|x86.Build.0 = Release|Win32
		{C2F760BC-2170-4535-BD38-A8B3403B0608}.Debug|x64.ActiveCfg = Debug|x64
		{C2F760BC-2170-4535-BD38-A8B3403B0608}.Debug|x64.Build.0 = Debug|x64
		{C2F760BC-2170-4535-BD38-A8B3403B0608}.Debug|x86.ActiveCfg = Debug|Win32
		{C2F760BC-2170-4535-BD38-A8B3403B0608}.Debug|x86.Build.0 = Debug|Win32
		{C2F760BC-2170-4535-BD38-A8B3403B0608}.Release|x64.ActiveCfg = Release|x64
		{C2F760BC-2170-4535-BD38-A8B3403B0608}.Release|x64.Build.0 = Release|x64
		{C2F760BC-2170-4535-BD38-A8B3403B0608}.Release|x86.ActiveCfg = Release|Win32
		{C2F760BC-2170-4535-BD38-A8B3403B0608}.Release|x86.Build.0 = Release|Win32
		{009A56BE-2839-40E6-BA22-6D54972D9126}.Debug|x64.ActiveCfg = Debug|x64
		{009A56BE-2839-40E6-BA22-6D54972D9126}.Debug|x64.Build.0 = Debug|x64
		{009A56BE-2839-40E6-BA22-6D54972D9126}.Debug|x86.ActiveCfg = Debug|Win32
		{009A56BE-2839-40E6-BA22-6D54972D9126}.Debug|x86.Build.0 = Debug|Win32
		{009A56BE-2839-40E6-BA22-6D54972D9126}.Release|x64.ActiveCfg = Release|x64
		{009A56BE-2839-40E6-BA22-6D54972D9126}.Release|x64.Build.0 = Release|x64
		{009A56BE-2839-40E6-BA22-6D54972D9126}.Release|x86.ActiveCfg = Release|Win32
		{009A56BE-2839-40E6-BA22-6D54972D9126}.Release|x86.Build.0 = Release|Win32
		{B4523687-09CB-41E2-A476-74011F4C9CC4}.Debug|x64.ActiveCfg = Debug|x64
		{B4523687-09CB-41E2-A476-74011F4C9CC4}.Debug|x64.Build.0 = Debug|x64
		{B4523687-09CB-41E2-A476-74011F4C9CC4}.Debug|x86.ActiveCfg = Debug|Win32
		{B4523687-09CB-41E2-A476-74011F4C9CC4}.Debug|x86.Build.0 = Debug|Win32
		{B4523687-09CB-41E2-A476-74011F4C9CC4}.Release|x64.ActiveCfg = Release|x64
		{B4523687-09CB-41E2-A476-74011F4C9CC4}.Release|x64.Build.0 = Release|x64
		{B4523687-09CB-41E2-A476-74011F4C9CC4}.Release|x86.ActiveCfg = Release|Win32
		{B4523687-09CB-41E2-A476-74011F4C9CC4}.Release|x86.Build.0 = Release|Win32
		{BE0A7FAC-D554-4376-B693-5E056F8DD91E}.Debug|x64.ActiveCfg = Debug|x64
		{BE0A7FAC-D554-4376-B693-5E056F8DD91E}.Debug|x64.Build.0 = Debug|x64
		{BE0A7FAC-D554-4376-B693-5E056F8DD91E}.Debug|x86.ActiveCfg = Debug|Win32
		{BE0A7FAC-D554-4376-B693-5E056F8DD91E}.Debug|x86.Build.0 = Debug|Win32
		{BE0A7FAC-D554-4376-B693-5E056F8DD91E}.Release|x64.ActiveCfg = Release|x64
		{BE0A7FAC-D554-4376-B693-5E056F8DD91E}.Release|x64.Build.0 = Release|x64
		{BE0A7FAC-D554-4376-B693-5E056F8DD91E}.Release|x86.ActiveCfg = Release|Win32
		{BE0A7FAC-D554-4376-B693-5E056F8DD91E}.Release|x86.Build.0 = Release|Win32
		{91050EB6-72F2-4AE1-82B5-4226CA8C8D70}.Debug|x64.ActiveCfg = Debug|x64
		{91050EB6-72F2-4AE1-82B5-4226CA8C8D70}.Debug|x64.Build.0 = Debug|x64
		{91050EB6-72F2-4AE1-82B5-4226CA8C8D70}.Debug|x86.ActiveCfg = Debug|Win32
		{91050EB6-72F2-4AE1-82B5-4226CA8C8D70}.Debug|x86.Build.0 = Debug|Win32
		{91050EB6-72F2-4AE1-82B5-4226CA8C8D70}.Release|x64.ActiveCfg = Release|x64
		{91050EB6-72F2-4AE1-82B5-4226CA8C8D70}.Release|x64.Build.0 = Release|x64
		{91050EB6-72F2-4AE1-82B5-4226CA8C8D70}.Release|x86.ActiveCfg = Release|Win32
		{91050EB6-72F2-4AE1-82B5-4226CA8C8D70}.Release|x86.Build.0 = Release|Win32
		{63055C0A-5C2B-4248-8B29-07FEE41C9999}.Debug|x64.ActiveCfg = Debug|x64
		{63055C0A-5C2B-4248-8B29-07FEE41C9999}.Debug|x64.Build.0 = Debug|x64
		{63055C0A-5C2B-4248-8B29-07FEE41C9999}.Debug|x86.ActiveCfg = Debug|Win32
		{63055C0A-5C2B-4248-8B29-07FEE41C9999}.Debug|x86.Build.0 = Debug|Win32
		{63055C0A-5C2B-4248-8B29-07FEE41C9999}.Release|x64.ActiveCfg = Release|x64
		{63055C0A-5C2B-4248-8B29-07FEE41C9999}.Release|x64.Build.0 = Release|x64
		{63055C0A-5C2B-4248-8B29-07FEE41C9999}.Release|x86.ActiveCfg = Release|Win32
		{63055C0A-5C2B-4248-8B29-07FEE41C9999}.Release|x86.Build.0 = Release|Win32
		{79E9E96D-B60D-4436-9513-7D5C6D8773E6}.Debug|x64.ActiveCfg = Debug|x64
		{79E9E96D-B60D-4436-9513-7D5C6D8773E6}.Debug|x64.Build.0 = Debug|x64
		{79E9E96D-B60D-4436-9513-7D5C6D8773E6}.Debug|x86.ActiveCfg = Debug|Win32
		{79E9E96D-B60D-4436-9513-7D5C6D8773E6}.Debug|x86.Build.0 = Debug|Win32
		{79E9E96D-B60D-4436-9513-7D5C6D8773E6}.Release|x64.ActiveCfg = Release|x64
		{79E9E96D-B60D-4436-9513-7D5C6D8773E6}.Release|x64.Build.0 = Release|x64
		{79E9E96D-B60D-4436-9513-7D5C6D8773E6}.Release|x86.ActiveCfg = Release|Win32
		{79E9E96D-B60D-4436-9513-7D5C6D8773E6}.Release|x86.Build.0 = Release|Win32
		{E9F70F49-8111-41A4-A0C6-7A03BE7A661D}.Debug|x64.ActiveCfg = Debug|x64
		{E9F70F49-8111-41A4-A0C6-7A03BE7A661D}.Debug|x64.Build.0 = Debug|x64
		{E9F70F49-8111-41A4-A0C6-7A03BE7A661D}.Debug|x86.ActiveCfg = Debug|Win32
		{E9F70F49-8111-41A4-A0C6-7A03BE7A661D}.Debug|x86.Build.0 = Debug|Win32
		{E9F70F49-8111-41A4-A0C6-7A03BE7A661D}.Release|x64.ActiveCfg = Release|x64
		{E9F70F49-8111-41A4-A0C6-7A03BE7A661D}.Release|x64.Build.0 = Release|x64
		{E9F70F49-8111-41A4-A0C6-7A03BE7A661D}.Release|x86.ActiveCfg = Release|Win32
		{E9F70F49-8111-41A4-A0C6-7A03BE7A661D}.Release|x86.Build.0 = Release|Win32
		{0E50FF65-F07F-42B4-8B82-C52E47655DD2}.Debug|x64.ActiveCfg = Debug|x64
		{0E50FF65-F07F-42B4-8B82-C52E47655DD2}.Debug|x64.Build.0 = Debug|x64
		{0E50FF65-F07F-42B4-8B82-C52E47655DD2}.Debug|x86.ActiveCfg = Debug|Win32
		{0E50FF65-F07F-42B4-8B82-C52E47655DD2}.Debug|x86.Build.0 = Debug|Win32
		{0E50FF65-F07F-42B4-8B82-C52E47655DD2}.Release|x64.ActiveCfg = Release|x64
		{0E50FF65-F07F-42B4-8B82-C52E47655DD2}.Release|x64.Build.0 = Release|x64
		{0E50FF65-F07F-42B4-8B82-C52E47655DD2}.Release|x86.ActiveCfg = Release|Win32
		{0E50FF65-F07F-42B4-8B82-C52E47655DD2}.Release|x86.Build.0 = Release|Win32
		{F77A5A73-296E-4E30-98F3-25BFAC8E73E2}.Debug|x64.ActiveCfg = Debug|x64
		{F77A5A73-296E-4E30-98F3-25BFAC8E73E2}.Debug|x64.Build.0 = Debug|x64
		{F77A5A73-296E-4E30-98F3-25BFAC8E73E2}.Debug|x86.ActiveCfg = Debug|Win32
		{F77A5A73-296E-4E30-98F3-25BFAC8E73E2}.Debug|x86.Build.0 = Debug|Win32
		{F77A5A73-296E-4E30-98F3-25BFAC8E73E2}.Release|x64.ActiveCfg = Release|x64
		{F77A5A73-296E-4E30-98F3-25BFAC8E73E2}.Release|x64.Build.0 = Release|x64
		{F77A5A73-296E-4E30-98F3-25BFAC8E73E2}.Release|x86.ActiveCfg = Release|Win32
		{F77A5A73-296E-4E30-98F3-25BFAC8E73E2}.Release|x86.Build.0 = Release|Win32
		{3E46F214-FCE2-46EC-877A-6698282CB29B}.Debug|x64.ActiveCfg = Debug|x64
		{3E46F214-FCE2-46EC-877A-6698282CB29B}.Debug|x64.Build.0 = Debug|x64
		{3E46F214-FCE2-46EC-877A-6698282CB29B}.Debug|x86.ActiveCfg = Debug|Win32
		{3E46F214-FCE2-46EC-877A-6698282CB29B}.Debug|x86.Build.0 = Debug|Win32
		{3E46F214-FCE2-46EC-877A-6698282CB29B}.Release|x64.ActiveCfg = Release|x64
		{3E46F214-FCE2-46EC-877A-6698282CB29B}.Release|x64.Build.0 = Release|x64
		{3E46F214-FCE2-46EC-877A-6698282CB29B}.Release|x86.ActiveCfg = Release|Win32
		{3E46F214-FCE2-46EC-877A-6698282CB29B}.Release|x86.Build.0 = Release|Win32
		{D358C17F-CB8D-45CA-BFCD-B1BBC29030F5}.Debug|x64.ActiveCfg = Debug|x64
		{D358C17F-CB8D-45CA-BFCD-B1BBC29030F5}.Debug|x64.Build.0 = Debug|x64
		{D358C17F-CB8D-45CA-BFCD-B1BBC29030F5}.Debug|x86.ActiveCfg = Debug|Win32
		{D358C17F-CB8D-45CA-BFCD-B1BBC29030F5}.Debug|x86.Build.0 = Debug|Win32
		{D358C17F-CB8D-45CA-BFCD-B1BBC29030F5}.Release|x64.ActiveCfg = Release|x64
		{D358C17F-CB8D-45CA-BFCD-B1BBC29030F5}.Release|x64.Build.0 = Release|x64
		{D358C17F-CB8D-45CA-BFCD-B1BBC29030F5}.Release|x86.ActiveCfg = Release|Win32
		{D358C17F-CB8D-45CA-BFCD-B1BBC29030F5}.Release|x86.Build.0 = Release|Win32
		{401CC0AC-FFCE-4816-AA67-9852E6BC4122}.Debug|x64.ActiveCfg = Debug|x64
		{401CC0AC-FFCE-4816-AA67-9852E6BC4122}.Debug|x64.Build.0 = Debug|x64
		{401CC0AC-FFCE-4816-AA67-9852E6BC4122}.Debug|x86.ActiveCfg = Debug|Win32
		{401CC0AC-FFCE-4816-AA67-9852E6BC4122}.Debug|x86.Build.0 = Debug|Win32
		{401CC0AC-FFCE-4816-AA67-9852E6BC4122}.Release|x64.ActiveCfg = Release|x64
		{401CC0AC-FFCE-4816-AA67-9852E6BC4122}.Release|x64.Build.0 = Release|x64
		{401CC0AC-FFCE-4816-AA67-9852E6BC4122}.Release|x86.ActiveCfg = Release|Win32
		{401CC0AC-FFCE-4816-AA67-9852E6BC4122}.Release|x86.Build.0 = Release|Win32
		{192F6994-40AE-4628-A031-F1D6808A20EF}.Debug|x64.ActiveCfg = Debug|x64
		{192F6994-40AE-4628-A031-F1D6808A20EF}.Debug|x64.Build.0 = Debug|x64
		{192F6994-40AE-4628-A031-F1D6808A20EF}.Debug|x86.ActiveCfg = Debug|Win32
		{192F6994-40AE-4628-A031-F1D6808A20EF}.Debug|x86.Build.0 = Debug|Win32
		{192F6994-40AE-4628-A031-F1D6808A20EF}.Release|x64.ActiveCfg = Release|x64
		{192F6994-40AE-4628-A031-F1D6808A20EF}.Release|x64.Build.0 = Release|x64
		{192F6994-40AE-4628-A031-F1D6808A20EF}.Release|x86.ActiveCfg = Release|Win32
		{192F6994-40AE-4628-A031-F1D6808A20EF}.Release|x86.Build.0 = Release|Win32
		{2E6411F3-A025-44FD-A058-11FD94577C46}.Debug|x64.ActiveCfg = Debug|x64
		{2E6411F3-A025-44FD-A058-11FD94577C46}.Debug|x64.Build.0 = Debug|x64
		{2E6411F3-A025-44FD-A058-11FD94577C46}.Debug|x86.ActiveCfg = Debug|Win32
		{2E6411F3-A025-44FD-A058-11FD94577C46}.Debug|x86.Build.0 = Debug|Win32
		{2E6411F3-A025-44FD-A058-11FD94577C46}.Release|x64.ActiveCfg = Release|x64
		{2E6411F3-A025-44FD-A058-11FD94577C46}.Release|x64.Build.0 = Release|x64
		{2E6411F3-A025-44FD-A058-11FD94577C46}.Release|x86.ActiveCfg = Release|Win32
		{2E6411F3-A025-44FD-A058-11FD94577C46}.Release|x86.Build.0 = Release|Win32
		{58DBF7E1-2111-4578-A979-2FE1904A588F}.Debug|x64.ActiveCfg = Debug|x64
		{58DBF7E1-2111-4578-A979-2FE1904A588F}.Debug|x64.Build.0 = Debug|x64
		{58DBF7E1-2111-4578-A979-2FE1904A588F}.Debug|x86.ActiveCfg = Debug|Win32
		{58DBF7E1-2111-4578-A979-2FE1904A588F}.Debug|x86.Build.0 = Debug|Win32
		{58DBF7E1-2111-4578-A979-2FE1904A588F}.Release|x64.ActiveCfg = Release|x64
		{58DBF7E1-2111-4578-A979-2FE1904A588F}.Release|x64.Build.0 = Release|x64
		{58DBF7E1-2111-4578-A979-2FE1904A588F}.Release|x86.ActiveCfg = Release|Win32
		{58DBF7E1-2111-4578-A979-2FE1904A588F}.Release|x86.Build.0 = Release|Win32
		{3CDD91A2-BABC-4B53-ABAE-5742B4DB6137}.Debug|x64.ActiveCfg = Debug|x64
		{3CDD91A2-BABC-4B53-ABAE-5742B4DB6137}.Debug|x64.Build.0 = Debug|x64
		{3CDD91A2-BABC-4B53-ABAE-5742B4DB6137}.Debug|x86.ActiveCfg = Debug|Win32
		{3CDD91A2-BABC-4B53-ABAE-5742B4DB6137}.Debug|x86.Build.0 = Debug|Win32
		{3CDD91A2-BABC-4B53-ABAE-5742B4DB6137}.Release|x64.ActiveCfg = Release|x64
		{3CDD91A2-BABC-4B53-ABAE-5742B4DB6137}.Release|x64.Build.0 = Release|x64
		{3CDD91A2-BABC-4B53-ABAE-5742B4DB6137}.Release|x86.ActiveCfg = Release|Win32
		{3CDD91A2-BABC-4B53-ABAE-5742B4DB6137}.Release|x86.Build.0 = Release|Win32
		{84739028-A599-44A4-BE85-545092FFA09E}.Debug|x64.ActiveCfg = Debug|x64
		{84739028-A599-44A4-BE85-545092FFA09E}.Debug|x64.Build.0 = Debug|x64
		{84739028-A599-44A4-BE85-545092FFA09E}.Debug|x86.ActiveCfg = Debug|Win32
		{84739028-A599-44A4-BE85-545092FFA09E}.Debug|x86.Build.0 = Debug|Win32
		{84739028-A599-44A4-BE85-545092FFA09E}.Release|x64.ActiveCfg = Release|x64
		{84739028-A599-44A4-BE85-545092FFA09E}.Release|x64.Build.0 = Release|x64
		{84739028-A599-44A4-BE85-545092FFA09E}.Release|x86.ActiveCfg = Release|Win32
		{84739028-A599-44A4-BE85-545092FFA09E}.Release|x86.Build.0 = Release|Win32
		{24EE7D84-4323-4696-951C-60551988F5FB}.Debug|x64.ActiveCfg = Debug|x64
		{24EE7D84-4323-4696-951C-60551988F5FB}.Debug|x64.Build.0 = Debug|x64
		{24EE7D84-4323-4696-951C-60551988F5FB}.Debug|x86.ActiveCfg = Debug|Win32
		{24EE7D84-4323-4696-951C-60551988F5FB}.Debug|x86.Build.0 = Debug|Win32
		{24EE7D84-4323-4696-951C-60551988F5FB}.Release|x64.ActiveCfg = Release|x64
		{24EE7D84-4323-4696-951C-60551988F5FB}.Release|x64.Build.0 = Release|x64
		{24EE7D84-4323-4696-951C-60551988F5FB}.Release|x86.ActiveCfg = Release|Win32
		{24EE7D84-4323-4696-951C-60551988F5FB}.Release|x86.Build.0 = Release|Win32
		{398F54B5-8EBA-46EB-B18F-30CDBB26E656}.Debug|x64.ActiveCfg = Debug|x64
		{398F54B5-8EBA-46EB-B18F-30CDBB26E656}.Debug|x64.Build.0 = Debug|x64
		{398F54B5-8EBA-46EB-B18F-30CDBB26E656}.Debug|x86.ActiveCfg = Debug|Win32
		{398F54B5-8EBA-46EB-B18F-30CDBB26E656}.Debug|x86.Build.0 = Debug|Win32
		{398F54B5-8EBA-46EB-B18F-30CDBB26E656}.Release|x64.ActiveCfg = Release|x64
		{398F54B5-8EBA-46EB-B18F-30CDBB26E656}.Release|x64.Build.0 = Release|x64
		{398F54B5-8EBA-46EB-B18F-30CDBB26E656}.Release|x86.ActiveCfg = Release|Win32
		{398F54B5-8EBA-46EB-B18F-30CDBB26E656}.Release|x86.Build.0 = Release|Win32
		{F94FBC13-2D56-4D30-BC3F-1DFE1FD1335E}.Debug|x64.ActiveCfg = Debug|x64
		{F94FBC13-2D56-4D30-BC3F-1DFE1FD1335E}.Debug|x64.Build.0 = Debug|x64
		{F94FBC13-2D56-4D30-BC3F-1DFE1FD1335E}.Debug|x86.ActiveCfg = Debug|Win32
		{F94FBC13-2D56-4D30-BC3F-1DFE1FD1335E}.Debug|x86.Build.0 = Debug|Win32
		{F94FBC13-2D56-4D30-BC3F-1DFE1FD1335E}.Release|x64.ActiveCfg = Release|x64
		{F94FBC13-2D56-4D30-BC3F-1DFE1FD1335E}.Release|x64.Build.0 = Release|x64
		{F94FBC13-2D56-4D30-BC3F-1DFE1FD1335E}.Release|x86.ActiveCfg = Release|Win32
		{F94FBC13-2D56-4D30-BC3F-1DFE1FD1335E}.Release|x86.Build.0 = Release|Win32
		{CE0B3EFC-F18F-4058-A1AA-FFFE9A2F7BA0}.Debug|x64.ActiveCfg = Debug|x64
		{CE0B3EFC-F18F-4058-A1AA-FFFE9A2F7BA0}.Debug|x64.Build.0 = Debug|x64
		{CE0B3EFC-F18F-4058-A1AA-FFFE9A2F7BA0}.Debug|x86.ActiveCfg = Debug|Win32
		{CE0B3EFC-F18F-4058-A1AA-FFFE9A2F7BA0}.Debug|x86.Build.0 = Debug|Win32
		{CE0B3EFC-F18F-4058-A1AA-FFFE9A2F7BA0}.Release|x64.ActiveCfg = Release|x64
		{CE0B3EFC-F18F-4058-A1AA-FFFE9A2F7BA0}.Release|x64.Build.0 = Release|x64
		{CE0B3EFC-F18F-4058-A1AA-FFFE9A2F7BA0}.Release|x86.ActiveCfg = Release|Win32
		{CE0B3EFC-F18F-4058-A1AA-FFFE9A2F7BA0}.Release|x86.Build.0 = Release|Win32
		{0497952D-BBE6-406F-8926-BD1AAB70AC74}.Debug|x64.ActiveCfg = Debug|x64
		{0497952D-BBE6-406F-8926-BD1AAB70AC74}.Debug|x64.Build.0 = Debug|x64
		{0497952D-BBE6-406F-8926-BD1AAB70AC74}.Debug|x86.ActiveCfg = Debug|Win32
		{0497952D-BBE6-406F-8926-BD1AAB70AC74}.Debug|x86.Build.0 = Debug|Win32
		{0497952D-BBE6-406F-8926-BD1AAB70AC74}.Release|x64.ActiveCfg = Release|x64
		{0497952D-BBE6-406F-8926-BD1AAB70AC74}.Release|x64.Build.0 = Release|x64
		{0497952D-BBE6-406F-8926-BD1AAB70AC74}.Release|x86.ActiveCfg = Release|Win32
		{0497952D-BBE6-406F-8926-BD1AAB70AC74}.Release|x86.Build.0 = Release|Win32
		{2009ACD8-06C3-414B-BDF3-760838DD6F0C}.Debug|x64.ActiveCfg = Debug|x64
		{2009ACD8-06C3-414B-BDF3-760838DD6F0C}.Debug|x64.Build.0 = Debug|x64
		{2009ACD8-06C3-414B-BDF3-760838DD6F0C}.Debug|x86.ActiveCfg = Debug|Win32
		{2009ACD8-06C3-414B-BDF3-760838DD6F0C}.Debug|x86.Build.0 = Debug|Win32
		{2009ACD8-06C3-414B-BDF3-760838DD6F0C}.Release|x64.ActiveCfg = Release|x64
		{2009ACD8-06C3-414B-BDF3-760838DD6F0C}.Release|x64.Build.0 = Release|x64
		{2009ACD8-06C3-414B-BDF3-760838DD6F0C}.Release|x86.ActiveCfg = Release|Win32
		{2009ACD8-06C3-414B-BDF3-760838DD6F0C}.Release|x86.Build.0 = Release|Win32
		{5E18EDAA-6E46-4E73-98F3-21845D6BD83E}.Debug|x64.ActiveCfg = Debug|x64
		{5E18EDAA-6E46-4E73-98F3-21845D6BD83E}.Debug|x64.Build.0 = Debug|x64
		{5E18EDAA-6E46-4E73-98F3-21845D6BD83E}.Debug|x86.ActiveCfg = Debug|Win32
		{5E18EDAA-6E46-4E73-98F3-21845D6BD83E}.Debug|x86.Build.0 = Debug|Win32
		{5E18EDAA-6E46-4E73-98F3-21845D6BD83E}.Release|x64.ActiveCfg = Release|x64
		{5E18EDAA-6E46-4E73-98F3-21845D6BD83E}.Release|x64.Build.0 = Release|x64
		{5E18EDAA-6E46-4E73-98F3-21845D6BD83E}.Release|x86.ActiveCfg = Release|Win32
		{5E18EDAA-6E46-4E73-98F3-21845D6BD83E}.Release|x86.Build.0 = Release|Win32
		{266AA07C-C465-47A0-A42A-4EA7E2893CAA}.Debug|x64.ActiveCfg = Debug|x64
		{266AA07C-C465-47A0-A42A-4EA7E2893CAA}.Debug|x64.Build.0 = Debug|x64
		{266AA07C-C465-47A0-A42A-4EA7E2893CAA}.Debug|x86.ActiveCfg = Debug|Win32
		{266AA07C-C465-47A0-A42A-4EA7E2893CAA}.Debug|x86.Build.0 = Debug|Win32
		{266AA07C-C465-47A0-A42A-4EA7E2893CAA}.Release|x64.ActiveCfg = Release|x64
		{266AA07C-C465-47A0-A42A-4EA7E2893CAA}.Release|x64.Build.0 = Release|x64
		{266AA07C-C465-47A0-A42A-4EA7E2893CAA}.Release|x86.ActiveCfg = Release|Win32
		{266AA07C-C465-47A0-A42A-4EA7E2893CAA}.Release|x86.Build.0 = Release|Win32
	EndGlobalSection
	GlobalSection(SolutionProperties) = preSolution
		HideSolutionNode = FALSE
	EndGlobalSection
	GlobalSection(NestedProjects) = preSolution
		{3B441D59-4CF7-4D78-9121-7A13A1A2E877} = {A2CFAA73-2B7D-4F02-87C5-2166EF09F018}
		{44E3B211-0D82-4BAC-A948-D7F6F90F3D56} = {A2CFAA73-2B7D-4F02-87C5-2166EF09F018}
		{1C742113-33EE-4C21-AFCB-5978994C0B1B} = {A2CFAA73-2B7D-4F02-87C5-2166EF09F018}
		{2BF358DF-53EF-468F-9B48-847DA5CAFBF4} = {A2CFAA73-2B7D-4F02-87C5-2166EF09F018}
		{2C00AAD9-0AF5-4B18-B894-93EAFD2912B8} = {A2CFAA73-2B7D-4F02-87C5-2166EF09F018}
		{EC2AEB11-F4B2-4549-AF28-BA853DD5F748} = {A2CFAA73-2B7D-4F02-87C5-2166EF09F018}
		{16136FB3-61E8-4939-8E8C-24CEBC7C6396} = {A2CFAA73-2B7D-4F02-87C5-2166EF09F018}
		{AF30E35C-60D0-4722-979D-8816330822C5} = {58233F0F-B338-4E3A-8FB0-D48E82FAA377}
		{882459DA-EDAE-4FD9-AF57-B2736259BDA4} = {58233F0F-B338-4E3A-8FB0-D48E82FAA377}
		{53994CBE-FB41-45EA-9AB1-01CCA6C59AC5} = {1E375AF0-0369-4332-A837-5EE6CF8802ED}
		{2E1BEC72-75B3-4EF5-ACE5-A147A789C150} = {1E375AF0-0369-4332-A837-5EE6CF8802ED}
		{726D63DF-8C0C-4A93-AF56-F46F0F981921} = {1E375AF0-0369-4332-A837-5EE6CF8802ED}
		{BD28BF2F-8629-44DC-BA80-50276A52116E} = {1E375AF0-0369-4332-A837-5EE6CF8802ED}
		{0C051585-36B7-4351-87FA-1B930DC925FC} = {749E7957-B606-43EF-83EB-738C3201694C}
		{3D2ABA7D-81A4-4792-BC61-7D61BA1F361B} = {749E7957-B606-43EF-83EB-738C3201694C}
		{8C173761-0313-4297-AE3E-A30ED88F678D} = {749E7957-B606-43EF-83EB-738C3201694C}
		{1D0DD825-B0A9-4C94-A97D-94983F9725E1} = {749E7957-B606-43EF-83EB-738C3201694C}
		{D79229E0-6C4D-4E9C-B5D3-E5951A66A3E6} = {749E7957-B606-43EF-83EB-738C3201694C}
		{CC2DF8C3-882B-4B2B-BCB2-B06248FFF8CA} = {749E7957-B606-43EF-83EB-738C3201694C}
		{C2F760BC-2170-4535-BD38-A8B3403B0608} = {749E7957-B606-43EF-83EB-738C3201694C}
		{009A56BE-2839-40E6-BA22-6D54972D9126} = {749E7957-B606-43EF-83EB-738C3201694C}
		{B4523687-09CB-41E2-A476-74011F4C9CC4} = {71533626-F9B0-4C60-A497-581DCC9C940F}
		{BE0A7FAC-D554-4376-B693-5E056F8DD91E} = {71533626-F9B0-4C60-A497-581DCC9C940F}
		{91050EB6-72F2-4AE1-82B5-4226CA8C8D70} = {71533626-F9B0-4C60-A497-581DCC9C940F}
		{63055C0A-5C2B-4248-8B29-07FEE41C9999} = {71533626-F9B0-4C60-A497-581DCC9C940F}
		{79E9E96D-B60D-4436-9513-7D5C6D8773E6} = {71533626-F9B0-4C60-A497-581DCC9C940F}
		{E9F70F49-8111-41A4-A0C6-7A03BE7A661D} = {71533626-F9B0-4C60-A497-581DCC9C940F}
		{0E50FF65-F07F-42B4-8B82-C52E47655DD2} = {71533626-F9B0-4C60-A497-581DCC9C940F}
		{F77A5A73-296E-4E30-98F3-25BFAC8E73E2} = {FB3FA9FF-7645-42F9-B067-C12CE6B45018}
		{3E46F214-FCE2-46EC-877A-6698282CB29B} = {FB3FA9FF-7645-42F9-B067-C12CE6B45018}
		{D358C17F-CB8D-45CA-BFCD-B1BBC29030F5} = {59F0E2C9-A0AB-41BB-AAFE-7EA020D73CDC}
		{401CC0AC-FFCE-4816-AA67-9852E6BC4122} = {59F0E2C9-A0AB-41BB-AAFE-7EA020D73CDC}
		{192F6994-40AE-4628-A031-F1D6808A20EF} = {59F0E2C9-A0AB-41BB-AAFE-7EA020D73CDC}
		{2E6411F3-A025-44FD-A058-11FD94577C46} = {59F0E2C9-A0AB-41BB-AAFE-7EA020D73CDC}
		{58DBF7E1-2111-4578-A979-2FE1904A588F} = {59F0E2C9-A0AB-41BB-AAFE-7EA020D73CDC}
		{3CDD91A2-BABC-4B53-ABAE-5742B4DB6137} = {59F0E2C9-A0AB-41BB-AAFE-7EA020D73CDC}
		{84739028-A599-44A4-BE85-545092FFA09E} = {59F0E2C9-A0AB-41BB-AAFE-7EA020D73CDC}
		{CD96E0DE-D528-402E-8903-B671F7757A3D} = {0B199CCF-2887-4994-B3E6-AB0A3759C126}
		{24EE7D84-4323-4696-951C-60551988F5FB} = {CD96E0DE-D528-402E-8903-B671F7757A3D}
		{880BEBF7-0B80-4EDF-94C0-7A34292C3BD6} = {0B199CCF-2887-4994-B3E6-AB0A3759C126}
		{398F54B5-8EBA-46EB-B18F-30CDBB26E656} = {880BEBF7-0B80-4EDF-94C0-7A34292C3BD6}
		{F94FBC13-2D56-4D30-BC3F-1DFE1FD1335E} = {880BEBF7-0B80-4EDF-94C0-7A34292C3BD6}
		{B299B63C-E32E-4DA4-875C-0D1349324237} = {0B199CCF-2887-4994-B3E6-AB0A3759C126}
		{CE0B3EFC-F18F-4058-A1AA-FFFE9A2F7BA0} = {B299B63C-E32E-4DA4-875C-0D1349324237}
		{E6C56F86-16E3-42EF-A05E-E4A36C5D1ED4} = {0B199CCF-2887-4994-B3E6-AB0A3759C126}
		{0497952D-BBE6-406F-8926-BD1AAB70AC74} = {E6C56F86-16E3-42EF-A05E-E4A36C5D1ED4}
		{323AF334-BB8A-45FD-8B68-B539F20A9D8A} = {0B199CCF-2887-4994-B3E6-AB0A3759C126}
		{2009ACD8-06C3-414B-BDF3-760838DD6F0C} = {323AF334-BB8A-45FD-8B68-B539F20A9D8A}
		{5E18EDAA-6E46-4E73-98F3-21845D6BD83E} = {71533626-F9B0-4C60-A497-581DCC9C940F}
		{266AA07C-C465-47A0-A42A-4EA7E2893CAA} = {71533626-F9B0-4C60-A497-581DCC9C940F}
	EndGlobalSection
	GlobalSection(ExtensibilityGlobals) = postSolution
		SolutionGuid = {2371D89F-F8F2-4BB5-B9E0-9425D8D4C45B}
	EndGlobalSection
EndGlobal
