
Microsoft Visual Studio Solution File, Format Version 12.00
# Visual Studio 15
VisualStudioVersion = 15.0.28306.52
MinimumVisualStudioVersion = 10.0.40219.1
Project("{8BC9CEB8-8B4A-11D0-8D11-00A0C91BC942}") = "util", "util\util.vcxproj", "{CE12F458-6BA6-4F74-A717-DE6C18C3F9FB}"
EndProject
Project("{8BC9CEB8-8B4A-11D0-8D11-00A0C91BC942}") = "lexer", "lexer\lexer.vcxproj", "{2584FA16-EDB1-4CAF-8137-86A229E78DBC}"
	ProjectSection(ProjectDependencies) = postProject
		{44AB18E8-C105-4C84-AE3F-1DA1F5CEC0AE} = {44AB18E8-C105-4C84-AE3F-1DA1F5CEC0AE}
	EndProjectSection
EndProject
Project("{8BC9CEB8-8B4A-11D0-8D11-00A0C91BC942}") = "slg", "slg\slg.vcxproj", "{0061E6AC-C0B1-4EE3-AA1A-B4852F5FFA45}"
	ProjectSection(ProjectDependencies) = postProject
		{2584FA16-EDB1-4CAF-8137-86A229E78DBC} = {2584FA16-EDB1-4CAF-8137-86A229E78DBC}
		{CE12F458-6BA6-4F74-A717-DE6C18C3F9FB} = {CE12F458-6BA6-4F74-A717-DE6C18C3F9FB}
	EndProjectSection
EndProject
Project("{8BC9CEB8-8B4A-11D0-8D11-00A0C91BC942}") = "cppcode", "cppcode\cppcode.vcxproj", "{44AB18E8-C105-4C84-AE3F-1DA1F5CEC0AE}"
	ProjectSection(ProjectDependencies) = postProject
		{CE12F458-6BA6-4F74-A717-DE6C18C3F9FB} = {CE12F458-6BA6-4F74-A717-DE6C18C3F9FB}
	EndProjectSection
EndProject
Project("{8BC9CEB8-8B4A-11D0-8D11-00A0C91BC942}") = "lexergen", "lexergen\lexergen.vcxproj", "{5A4AC0A9-F78C-4478-999A-FE291EAEDF37}"
	ProjectSection(ProjectDependencies) = postProject
		{2584FA16-EDB1-4CAF-8137-86A229E78DBC} = {2584FA16-EDB1-4CAF-8137-86A229E78DBC}
		{CE12F458-6BA6-4F74-A717-DE6C18C3F9FB} = {CE12F458-6BA6-4F74-A717-DE6C18C3F9FB}
		{79D065CA-6187-4141-BA26-BC7DFE21764A} = {79D065CA-6187-4141-BA26-BC7DFE21764A}
		{44AB18E8-C105-4C84-AE3F-1DA1F5CEC0AE} = {44AB18E8-C105-4C84-AE3F-1DA1F5CEC0AE}
	EndProjectSection
EndProject
Project("{8BC9CEB8-8B4A-11D0-8D11-00A0C91BC942}") = "parsergen", "parsergen\parsergen.vcxproj", "{8DDA40F5-E73C-4DEE-ADDF-1DC023264C6A}"
	ProjectSection(ProjectDependencies) = postProject
		{2584FA16-EDB1-4CAF-8137-86A229E78DBC} = {2584FA16-EDB1-4CAF-8137-86A229E78DBC}
		{CE12F458-6BA6-4F74-A717-DE6C18C3F9FB} = {CE12F458-6BA6-4F74-A717-DE6C18C3F9FB}
		{44AB18E8-C105-4C84-AE3F-1DA1F5CEC0AE} = {44AB18E8-C105-4C84-AE3F-1DA1F5CEC0AE}
		{CEBC68EC-B644-48B5-B254-5564C343351C} = {CEBC68EC-B644-48B5-B254-5564C343351C}
		{3713BAF5-D39B-4998-8B83-3E71942696E6} = {3713BAF5-D39B-4998-8B83-3E71942696E6}
	EndProjectSection
EndProject
Project("{8BC9CEB8-8B4A-11D0-8D11-00A0C91BC942}") = "parser", "parser\parser.vcxproj", "{3713BAF5-D39B-4998-8B83-3E71942696E6}"
EndProject
Project("{8BC9CEB8-8B4A-11D0-8D11-00A0C91BC942}") = "cmajorparser", "cmajorparser\cmajorparser.vcxproj", "{38871D51-3F87-49A4-B93D-2936DF34EB4A}"
	ProjectSection(ProjectDependencies) = postProject
		{2584FA16-EDB1-4CAF-8137-86A229E78DBC} = {2584FA16-EDB1-4CAF-8137-86A229E78DBC}
		{FC6AE62C-7C8E-4BD6-AD96-6C7AF34C6734} = {FC6AE62C-7C8E-4BD6-AD96-6C7AF34C6734}
		{CE12F458-6BA6-4F74-A717-DE6C18C3F9FB} = {CE12F458-6BA6-4F74-A717-DE6C18C3F9FB}
		{560E408F-CEF1-4E62-864A-C7D2195610A5} = {560E408F-CEF1-4E62-864A-C7D2195610A5}
		{3713BAF5-D39B-4998-8B83-3E71942696E6} = {3713BAF5-D39B-4998-8B83-3E71942696E6}
	EndProjectSection
EndProject
Project("{8BC9CEB8-8B4A-11D0-8D11-00A0C91BC942}") = "cmajorast", "cmajorast\cmajorast.vcxproj", "{560E408F-CEF1-4E62-864A-C7D2195610A5}"
	ProjectSection(ProjectDependencies) = postProject
		{2584FA16-EDB1-4CAF-8137-86A229E78DBC} = {2584FA16-EDB1-4CAF-8137-86A229E78DBC}
		{CE12F458-6BA6-4F74-A717-DE6C18C3F9FB} = {CE12F458-6BA6-4F74-A717-DE6C18C3F9FB}
	EndProjectSection
EndProject
Project("{8BC9CEB8-8B4A-11D0-8D11-00A0C91BC942}") = "cmajorlexer", "cmajorlexer\cmajorlexer.vcxproj", "{FC6AE62C-7C8E-4BD6-AD96-6C7AF34C6734}"
	ProjectSection(ProjectDependencies) = postProject
		{2584FA16-EDB1-4CAF-8137-86A229E78DBC} = {2584FA16-EDB1-4CAF-8137-86A229E78DBC}
		{CE12F458-6BA6-4F74-A717-DE6C18C3F9FB} = {CE12F458-6BA6-4F74-A717-DE6C18C3F9FB}
	EndProjectSection
EndProject
Project("{8BC9CEB8-8B4A-11D0-8D11-00A0C91BC942}") = "commentlexer", "commentlexer\commentlexer.vcxproj", "{6C897D0B-220F-459A-BF8E-4C9AB69F5C9C}"
	ProjectSection(ProjectDependencies) = postProject
		{2584FA16-EDB1-4CAF-8137-86A229E78DBC} = {2584FA16-EDB1-4CAF-8137-86A229E78DBC}
		{CE12F458-6BA6-4F74-A717-DE6C18C3F9FB} = {CE12F458-6BA6-4F74-A717-DE6C18C3F9FB}
	EndProjectSection
EndProject
Project("{8BC9CEB8-8B4A-11D0-8D11-00A0C91BC942}") = "code", "code\code.vcxproj", "{97EB1D09-F17E-47D3-B388-7F400835A09B}"
	ProjectSection(ProjectDependencies) = postProject
		{CE12F458-6BA6-4F74-A717-DE6C18C3F9FB} = {CE12F458-6BA6-4F74-A717-DE6C18C3F9FB}
		{79D065CA-6187-4141-BA26-BC7DFE21764A} = {79D065CA-6187-4141-BA26-BC7DFE21764A}
		{CEBC68EC-B644-48B5-B254-5564C343351C} = {CEBC68EC-B644-48B5-B254-5564C343351C}
	EndProjectSection
EndProject
Project("{8BC9CEB8-8B4A-11D0-8D11-00A0C91BC942}") = "syntax", "syntax\syntax.vcxproj", "{F8088B36-B56A-46A1-AC76-3BD022BBB7FB}"
	ProjectSection(ProjectDependencies) = postProject
		{97EB1D09-F17E-47D3-B388-7F400835A09B} = {97EB1D09-F17E-47D3-B388-7F400835A09B}
		{CE12F458-6BA6-4F74-A717-DE6C18C3F9FB} = {CE12F458-6BA6-4F74-A717-DE6C18C3F9FB}
		{79D065CA-6187-4141-BA26-BC7DFE21764A} = {79D065CA-6187-4141-BA26-BC7DFE21764A}
		{CEBC68EC-B644-48B5-B254-5564C343351C} = {CEBC68EC-B644-48B5-B254-5564C343351C}
	EndProjectSection
EndProject
Project("{8BC9CEB8-8B4A-11D0-8D11-00A0C91BC942}") = "codedom", "codedom\codedom.vcxproj", "{CEBC68EC-B644-48B5-B254-5564C343351C}"
	ProjectSection(ProjectDependencies) = postProject
		{CE12F458-6BA6-4F74-A717-DE6C18C3F9FB} = {CE12F458-6BA6-4F74-A717-DE6C18C3F9FB}
	EndProjectSection
EndProject
Project("{8BC9CEB8-8B4A-11D0-8D11-00A0C91BC942}") = "parsing", "parsing\parsing.vcxproj", "{79D065CA-6187-4141-BA26-BC7DFE21764A}"
	ProjectSection(ProjectDependencies) = postProject
		{CE12F458-6BA6-4F74-A717-DE6C18C3F9FB} = {CE12F458-6BA6-4F74-A717-DE6C18C3F9FB}
		{CEBC68EC-B644-48B5-B254-5564C343351C} = {CEBC68EC-B644-48B5-B254-5564C343351C}
	EndProjectSection
EndProject
Project("{8BC9CEB8-8B4A-11D0-8D11-00A0C91BC942}") = "generator", "generator\generator.vcxproj", "{8C789BEF-9332-46A5-AB59-775EF8AED3CB}"
	ProjectSection(ProjectDependencies) = postProject
		{97EB1D09-F17E-47D3-B388-7F400835A09B} = {97EB1D09-F17E-47D3-B388-7F400835A09B}
		{F8088B36-B56A-46A1-AC76-3BD022BBB7FB} = {F8088B36-B56A-46A1-AC76-3BD022BBB7FB}
		{CE12F458-6BA6-4F74-A717-DE6C18C3F9FB} = {CE12F458-6BA6-4F74-A717-DE6C18C3F9FB}
		{79D065CA-6187-4141-BA26-BC7DFE21764A} = {79D065CA-6187-4141-BA26-BC7DFE21764A}
		{CEBC68EC-B644-48B5-B254-5564C343351C} = {CEBC68EC-B644-48B5-B254-5564C343351C}
	EndProjectSection
EndProject
Project("{2150E333-8FDC-42A3-9474-1A3956D46DE8}") = "examples", "examples", "{643B86D0-F0F2-480F-8D79-C0416298C21C}"
EndProject
Project("{2150E333-8FDC-42A3-9474-1A3956D46DE8}") = "cmajor", "cmajor", "{FA81CE86-E385-49CF-8F1D-6A9E28390E10}"
EndProject
Project("{2150E333-8FDC-42A3-9474-1A3956D46DE8}") = "commentlexer", "commentlexer", "{3CB23B55-1EF7-40B3-A196-11981FE4A63F}"
EndProject
Global
	GlobalSection(SolutionConfigurationPlatforms) = preSolution
		Debug|x64 = Debug|x64
		Debug|x86 = Debug|x86
		Release|x64 = Release|x64
		Release|x86 = Release|x86
	EndGlobalSection
	GlobalSection(ProjectConfigurationPlatforms) = postSolution
		{CE12F458-6BA6-4F74-A717-DE6C18C3F9FB}.Debug|x64.ActiveCfg = Debug|x64
		{CE12F458-6BA6-4F74-A717-DE6C18C3F9FB}.Debug|x64.Build.0 = Debug|x64
		{CE12F458-6BA6-4F74-A717-DE6C18C3F9FB}.Debug|x86.ActiveCfg = Debug|Win32
		{CE12F458-6BA6-4F74-A717-DE6C18C3F9FB}.Debug|x86.Build.0 = Debug|Win32
		{CE12F458-6BA6-4F74-A717-DE6C18C3F9FB}.Release|x64.ActiveCfg = Release|x64
		{CE12F458-6BA6-4F74-A717-DE6C18C3F9FB}.Release|x64.Build.0 = Release|x64
		{CE12F458-6BA6-4F74-A717-DE6C18C3F9FB}.Release|x86.ActiveCfg = Release|Win32
		{CE12F458-6BA6-4F74-A717-DE6C18C3F9FB}.Release|x86.Build.0 = Release|Win32
		{2584FA16-EDB1-4CAF-8137-86A229E78DBC}.Debug|x64.ActiveCfg = Debug|x64
		{2584FA16-EDB1-4CAF-8137-86A229E78DBC}.Debug|x64.Build.0 = Debug|x64
		{2584FA16-EDB1-4CAF-8137-86A229E78DBC}.Debug|x86.ActiveCfg = Debug|Win32
		{2584FA16-EDB1-4CAF-8137-86A229E78DBC}.Debug|x86.Build.0 = Debug|Win32
		{2584FA16-EDB1-4CAF-8137-86A229E78DBC}.Release|x64.ActiveCfg = Release|x64
		{2584FA16-EDB1-4CAF-8137-86A229E78DBC}.Release|x64.Build.0 = Release|x64
		{2584FA16-EDB1-4CAF-8137-86A229E78DBC}.Release|x86.ActiveCfg = Release|Win32
		{2584FA16-EDB1-4CAF-8137-86A229E78DBC}.Release|x86.Build.0 = Release|Win32
		{0061E6AC-C0B1-4EE3-AA1A-B4852F5FFA45}.Debug|x64.ActiveCfg = Debug|x64
		{0061E6AC-C0B1-4EE3-AA1A-B4852F5FFA45}.Debug|x64.Build.0 = Debug|x64
		{0061E6AC-C0B1-4EE3-AA1A-B4852F5FFA45}.Debug|x86.ActiveCfg = Debug|Win32
		{0061E6AC-C0B1-4EE3-AA1A-B4852F5FFA45}.Debug|x86.Build.0 = Debug|Win32
		{0061E6AC-C0B1-4EE3-AA1A-B4852F5FFA45}.Release|x64.ActiveCfg = Release|x64
		{0061E6AC-C0B1-4EE3-AA1A-B4852F5FFA45}.Release|x64.Build.0 = Release|x64
		{0061E6AC-C0B1-4EE3-AA1A-B4852F5FFA45}.Release|x86.ActiveCfg = Release|Win32
		{0061E6AC-C0B1-4EE3-AA1A-B4852F5FFA45}.Release|x86.Build.0 = Release|Win32
		{44AB18E8-C105-4C84-AE3F-1DA1F5CEC0AE}.Debug|x64.ActiveCfg = Debug|x64
		{44AB18E8-C105-4C84-AE3F-1DA1F5CEC0AE}.Debug|x64.Build.0 = Debug|x64
		{44AB18E8-C105-4C84-AE3F-1DA1F5CEC0AE}.Debug|x86.ActiveCfg = Debug|Win32
		{44AB18E8-C105-4C84-AE3F-1DA1F5CEC0AE}.Debug|x86.Build.0 = Debug|Win32
		{44AB18E8-C105-4C84-AE3F-1DA1F5CEC0AE}.Release|x64.ActiveCfg = Release|x64
		{44AB18E8-C105-4C84-AE3F-1DA1F5CEC0AE}.Release|x64.Build.0 = Release|x64
		{44AB18E8-C105-4C84-AE3F-1DA1F5CEC0AE}.Release|x86.ActiveCfg = Release|Win32
		{44AB18E8-C105-4C84-AE3F-1DA1F5CEC0AE}.Release|x86.Build.0 = Release|Win32
		{5A4AC0A9-F78C-4478-999A-FE291EAEDF37}.Debug|x64.ActiveCfg = Debug|x64
		{5A4AC0A9-F78C-4478-999A-FE291EAEDF37}.Debug|x64.Build.0 = Debug|x64
		{5A4AC0A9-F78C-4478-999A-FE291EAEDF37}.Debug|x86.ActiveCfg = Debug|Win32
		{5A4AC0A9-F78C-4478-999A-FE291EAEDF37}.Debug|x86.Build.0 = Debug|Win32
		{5A4AC0A9-F78C-4478-999A-FE291EAEDF37}.Release|x64.ActiveCfg = Release|x64
		{5A4AC0A9-F78C-4478-999A-FE291EAEDF37}.Release|x64.Build.0 = Release|x64
		{5A4AC0A9-F78C-4478-999A-FE291EAEDF37}.Release|x86.ActiveCfg = Release|Win32
		{5A4AC0A9-F78C-4478-999A-FE291EAEDF37}.Release|x86.Build.0 = Release|Win32
		{8DDA40F5-E73C-4DEE-ADDF-1DC023264C6A}.Debug|x64.ActiveCfg = Debug|x64
		{8DDA40F5-E73C-4DEE-ADDF-1DC023264C6A}.Debug|x64.Build.0 = Debug|x64
		{8DDA40F5-E73C-4DEE-ADDF-1DC023264C6A}.Debug|x86.ActiveCfg = Debug|Win32
		{8DDA40F5-E73C-4DEE-ADDF-1DC023264C6A}.Debug|x86.Build.0 = Debug|Win32
		{8DDA40F5-E73C-4DEE-ADDF-1DC023264C6A}.Release|x64.ActiveCfg = Release|x64
		{8DDA40F5-E73C-4DEE-ADDF-1DC023264C6A}.Release|x64.Build.0 = Release|x64
		{8DDA40F5-E73C-4DEE-ADDF-1DC023264C6A}.Release|x86.ActiveCfg = Release|Win32
		{8DDA40F5-E73C-4DEE-ADDF-1DC023264C6A}.Release|x86.Build.0 = Release|Win32
		{3713BAF5-D39B-4998-8B83-3E71942696E6}.Debug|x64.ActiveCfg = Debug|x64
		{3713BAF5-D39B-4998-8B83-3E71942696E6}.Debug|x64.Build.0 = Debug|x64
		{3713BAF5-D39B-4998-8B83-3E71942696E6}.Debug|x86.ActiveCfg = Debug|Win32
		{3713BAF5-D39B-4998-8B83-3E71942696E6}.Debug|x86.Build.0 = Debug|Win32
		{3713BAF5-D39B-4998-8B83-3E71942696E6}.Release|x64.ActiveCfg = Release|x64
		{3713BAF5-D39B-4998-8B83-3E71942696E6}.Release|x64.Build.0 = Release|x64
		{3713BAF5-D39B-4998-8B83-3E71942696E6}.Release|x86.ActiveCfg = Release|Win32
		{3713BAF5-D39B-4998-8B83-3E71942696E6}.Release|x86.Build.0 = Release|Win32
		{38871D51-3F87-49A4-B93D-2936DF34EB4A}.Debug|x64.ActiveCfg = Debug|x64
		{38871D51-3F87-49A4-B93D-2936DF34EB4A}.Debug|x64.Build.0 = Debug|x64
		{38871D51-3F87-49A4-B93D-2936DF34EB4A}.Debug|x86.ActiveCfg = Debug|Win32
		{38871D51-3F87-49A4-B93D-2936DF34EB4A}.Debug|x86.Build.0 = Debug|Win32
		{38871D51-3F87-49A4-B93D-2936DF34EB4A}.Release|x64.ActiveCfg = Release|x64
		{38871D51-3F87-49A4-B93D-2936DF34EB4A}.Release|x64.Build.0 = Release|x64
		{38871D51-3F87-49A4-B93D-2936DF34EB4A}.Release|x86.ActiveCfg = Release|Win32
		{38871D51-3F87-49A4-B93D-2936DF34EB4A}.Release|x86.Build.0 = Release|Win32
		{560E408F-CEF1-4E62-864A-C7D2195610A5}.Debug|x64.ActiveCfg = Debug|x64
		{560E408F-CEF1-4E62-864A-C7D2195610A5}.Debug|x64.Build.0 = Debug|x64
		{560E408F-CEF1-4E62-864A-C7D2195610A5}.Debug|x86.ActiveCfg = Debug|Win32
		{560E408F-CEF1-4E62-864A-C7D2195610A5}.Debug|x86.Build.0 = Debug|Win32
		{560E408F-CEF1-4E62-864A-C7D2195610A5}.Release|x64.ActiveCfg = Release|x64
		{560E408F-CEF1-4E62-864A-C7D2195610A5}.Release|x64.Build.0 = Release|x64
		{560E408F-CEF1-4E62-864A-C7D2195610A5}.Release|x86.ActiveCfg = Release|Win32
		{560E408F-CEF1-4E62-864A-C7D2195610A5}.Release|x86.Build.0 = Release|Win32
		{FC6AE62C-7C8E-4BD6-AD96-6C7AF34C6734}.Debug|x64.ActiveCfg = Debug|x64
		{FC6AE62C-7C8E-4BD6-AD96-6C7AF34C6734}.Debug|x64.Build.0 = Debug|x64
		{FC6AE62C-7C8E-4BD6-AD96-6C7AF34C6734}.Debug|x86.ActiveCfg = Debug|Win32
		{FC6AE62C-7C8E-4BD6-AD96-6C7AF34C6734}.Debug|x86.Build.0 = Debug|Win32
		{FC6AE62C-7C8E-4BD6-AD96-6C7AF34C6734}.Release|x64.ActiveCfg = Release|x64
		{FC6AE62C-7C8E-4BD6-AD96-6C7AF34C6734}.Release|x64.Build.0 = Release|x64
		{FC6AE62C-7C8E-4BD6-AD96-6C7AF34C6734}.Release|x86.ActiveCfg = Release|Win32
		{FC6AE62C-7C8E-4BD6-AD96-6C7AF34C6734}.Release|x86.Build.0 = Release|Win32
		{6C897D0B-220F-459A-BF8E-4C9AB69F5C9C}.Debug|x64.ActiveCfg = Debug|x64
		{6C897D0B-220F-459A-BF8E-4C9AB69F5C9C}.Debug|x64.Build.0 = Debug|x64
		{6C897D0B-220F-459A-BF8E-4C9AB69F5C9C}.Debug|x86.ActiveCfg = Debug|Win32
		{6C897D0B-220F-459A-BF8E-4C9AB69F5C9C}.Debug|x86.Build.0 = Debug|Win32
		{6C897D0B-220F-459A-BF8E-4C9AB69F5C9C}.Release|x64.ActiveCfg = Release|x64
		{6C897D0B-220F-459A-BF8E-4C9AB69F5C9C}.Release|x64.Build.0 = Release|x64
		{6C897D0B-220F-459A-BF8E-4C9AB69F5C9C}.Release|x86.ActiveCfg = Release|Win32
		{6C897D0B-220F-459A-BF8E-4C9AB69F5C9C}.Release|x86.Build.0 = Release|Win32
		{97EB1D09-F17E-47D3-B388-7F400835A09B}.Debug|x64.ActiveCfg = Debug|x64
		{97EB1D09-F17E-47D3-B388-7F400835A09B}.Debug|x64.Build.0 = Debug|x64
		{97EB1D09-F17E-47D3-B388-7F400835A09B}.Debug|x86.ActiveCfg = Debug|Win32
		{97EB1D09-F17E-47D3-B388-7F400835A09B}.Debug|x86.Build.0 = Debug|Win32
		{97EB1D09-F17E-47D3-B388-7F400835A09B}.Release|x64.ActiveCfg = Release|x64
		{97EB1D09-F17E-47D3-B388-7F400835A09B}.Release|x64.Build.0 = Release|x64
		{97EB1D09-F17E-47D3-B388-7F400835A09B}.Release|x86.ActiveCfg = Release|Win32
		{97EB1D09-F17E-47D3-B388-7F400835A09B}.Release|x86.Build.0 = Release|Win32
		{F8088B36-B56A-46A1-AC76-3BD022BBB7FB}.Debug|x64.ActiveCfg = Debug|x64
		{F8088B36-B56A-46A1-AC76-3BD022BBB7FB}.Debug|x64.Build.0 = Debug|x64
		{F8088B36-B56A-46A1-AC76-3BD022BBB7FB}.Debug|x86.ActiveCfg = Debug|Win32
		{F8088B36-B56A-46A1-AC76-3BD022BBB7FB}.Debug|x86.Build.0 = Debug|Win32
		{F8088B36-B56A-46A1-AC76-3BD022BBB7FB}.Release|x64.ActiveCfg = Release|x64
		{F8088B36-B56A-46A1-AC76-3BD022BBB7FB}.Release|x64.Build.0 = Release|x64
		{F8088B36-B56A-46A1-AC76-3BD022BBB7FB}.Release|x86.ActiveCfg = Release|Win32
		{F8088B36-B56A-46A1-AC76-3BD022BBB7FB}.Release|x86.Build.0 = Release|Win32
		{CEBC68EC-B644-48B5-B254-5564C343351C}.Debug|x64.ActiveCfg = Debug|x64
		{CEBC68EC-B644-48B5-B254-5564C343351C}.Debug|x64.Build.0 = Debug|x64
		{CEBC68EC-B644-48B5-B254-5564C343351C}.Debug|x86.ActiveCfg = Debug|Win32
		{CEBC68EC-B644-48B5-B254-5564C343351C}.Debug|x86.Build.0 = Debug|Win32
		{CEBC68EC-B644-48B5-B254-5564C343351C}.Release|x64.ActiveCfg = Release|x64
		{CEBC68EC-B644-48B5-B254-5564C343351C}.Release|x64.Build.0 = Release|x64
		{CEBC68EC-B644-48B5-B254-5564C343351C}.Release|x86.ActiveCfg = Release|Win32
		{CEBC68EC-B644-48B5-B254-5564C343351C}.Release|x86.Build.0 = Release|Win32
		{79D065CA-6187-4141-BA26-BC7DFE21764A}.Debug|x64.ActiveCfg = Debug|x64
		{79D065CA-6187-4141-BA26-BC7DFE21764A}.Debug|x64.Build.0 = Debug|x64
		{79D065CA-6187-4141-BA26-BC7DFE21764A}.Debug|x86.ActiveCfg = Debug|Win32
		{79D065CA-6187-4141-BA26-BC7DFE21764A}.Debug|x86.Build.0 = Debug|Win32
		{79D065CA-6187-4141-BA26-BC7DFE21764A}.Release|x64.ActiveCfg = Release|x64
		{79D065CA-6187-4141-BA26-BC7DFE21764A}.Release|x64.Build.0 = Release|x64
		{79D065CA-6187-4141-BA26-BC7DFE21764A}.Release|x86.ActiveCfg = Release|Win32
		{79D065CA-6187-4141-BA26-BC7DFE21764A}.Release|x86.Build.0 = Release|Win32
		{8C789BEF-9332-46A5-AB59-775EF8AED3CB}.Debug|x64.ActiveCfg = Debug|x64
		{8C789BEF-9332-46A5-AB59-775EF8AED3CB}.Debug|x64.Build.0 = Debug|x64
		{8C789BEF-9332-46A5-AB59-775EF8AED3CB}.Debug|x86.ActiveCfg = Debug|Win32
		{8C789BEF-9332-46A5-AB59-775EF8AED3CB}.Debug|x86.Build.0 = Debug|Win32
		{8C789BEF-9332-46A5-AB59-775EF8AED3CB}.Release|x64.ActiveCfg = Release|x64
		{8C789BEF-9332-46A5-AB59-775EF8AED3CB}.Release|x64.Build.0 = Release|x64
		{8C789BEF-9332-46A5-AB59-775EF8AED3CB}.Release|x86.ActiveCfg = Release|Win32
		{8C789BEF-9332-46A5-AB59-775EF8AED3CB}.Release|x86.Build.0 = Release|Win32
	EndGlobalSection
	GlobalSection(SolutionProperties) = preSolution
		HideSolutionNode = FALSE
	EndGlobalSection
	GlobalSection(NestedProjects) = preSolution
		{38871D51-3F87-49A4-B93D-2936DF34EB4A} = {FA81CE86-E385-49CF-8F1D-6A9E28390E10}
		{560E408F-CEF1-4E62-864A-C7D2195610A5} = {FA81CE86-E385-49CF-8F1D-6A9E28390E10}
		{FC6AE62C-7C8E-4BD6-AD96-6C7AF34C6734} = {FA81CE86-E385-49CF-8F1D-6A9E28390E10}
		{6C897D0B-220F-459A-BF8E-4C9AB69F5C9C} = {3CB23B55-1EF7-40B3-A196-11981FE4A63F}
		{FA81CE86-E385-49CF-8F1D-6A9E28390E10} = {643B86D0-F0F2-480F-8D79-C0416298C21C}
		{3CB23B55-1EF7-40B3-A196-11981FE4A63F} = {643B86D0-F0F2-480F-8D79-C0416298C21C}
	EndGlobalSection
	GlobalSection(ExtensibilityGlobals) = postSolution
		SolutionGuid = {2112AA37-22CC-4725-99AB-0E3366B383BE}
	EndGlobalSection
EndGlobal
