
Microsoft Visual Studio Solution File, Format Version 12.00
# Visual Studio 15
VisualStudioVersion = 15.0.28306.52
MinimumVisualStudioVersion = 10.0.40219.1
Project("{8BC9CEB8-8B4A-11D0-8D11-00A0C91BC942}") = "util", "util\util.vcxproj", "{CE12F458-6BA6-4F74-A717-DE6C18C3F9FB}"
EndProject
Project("{8BC9CEB8-8B4A-11D0-8D11-00A0C91BC942}") = "lexer", "lexer\lexer.vcxproj", "{2584FA16-EDB1-4CAF-8137-86A229E78DBC}"
	ProjectSection(ProjectDependencies) = postProject
		{44AB18E8-C105-4C84-AE3F-1DA1F5CEC0AE} = {44AB18E8-C105-4C84-AE3F-1DA1F5CEC0AE}
		{4DBA16E9-3EDE-4E4C-A8E3-33490B7EE1BC} = {4DBA16E9-3EDE-4E4C-A8E3-33490B7EE1BC}
	EndProjectSection
EndProject
Project("{8BC9CEB8-8B4A-11D0-8D11-00A0C91BC942}") = "slg", "slg\slg.vcxproj", "{0061E6AC-C0B1-4EE3-AA1A-B4852F5FFA45}"
	ProjectSection(ProjectDependencies) = postProject
		{2584FA16-EDB1-4CAF-8137-86A229E78DBC} = {2584FA16-EDB1-4CAF-8137-86A229E78DBC}
	EndProjectSection
EndProject
Project("{8BC9CEB8-8B4A-11D0-8D11-00A0C91BC942}") = "parsing", "parsing\parsing.vcxproj", "{4DBA16E9-3EDE-4E4C-A8E3-33490B7EE1BC}"
	ProjectSection(ProjectDependencies) = postProject
		{44AB18E8-C105-4C84-AE3F-1DA1F5CEC0AE} = {44AB18E8-C105-4C84-AE3F-1DA1F5CEC0AE}
	EndProjectSection
EndProject
Project("{8BC9CEB8-8B4A-11D0-8D11-00A0C91BC942}") = "codedom", "codedom\codedom.vcxproj", "{44AB18E8-C105-4C84-AE3F-1DA1F5CEC0AE}"
	ProjectSection(ProjectDependencies) = postProject
		{CE12F458-6BA6-4F74-A717-DE6C18C3F9FB} = {CE12F458-6BA6-4F74-A717-DE6C18C3F9FB}
	EndProjectSection
EndProject
Project("{8BC9CEB8-8B4A-11D0-8D11-00A0C91BC942}") = "code", "code\code.vcxproj", "{7789AA8B-05BC-4F89-9ACE-9F8B497AF9B6}"
	ProjectSection(ProjectDependencies) = postProject
		{44AB18E8-C105-4C84-AE3F-1DA1F5CEC0AE} = {44AB18E8-C105-4C84-AE3F-1DA1F5CEC0AE}
		{4DBA16E9-3EDE-4E4C-A8E3-33490B7EE1BC} = {4DBA16E9-3EDE-4E4C-A8E3-33490B7EE1BC}
	EndProjectSection
EndProject
Project("{8BC9CEB8-8B4A-11D0-8D11-00A0C91BC942}") = "syntax", "syntax\syntax.vcxproj", "{8742DB94-829D-497D-AC04-8F25E6FA85EE}"
	ProjectSection(ProjectDependencies) = postProject
		{7789AA8B-05BC-4F89-9ACE-9F8B497AF9B6} = {7789AA8B-05BC-4F89-9ACE-9F8B497AF9B6}
	EndProjectSection
EndProject
Project("{8BC9CEB8-8B4A-11D0-8D11-00A0C91BC942}") = "generator", "generator\generator.vcxproj", "{56B28687-40C7-4027-B8E1-D9022BC89B73}"
	ProjectSection(ProjectDependencies) = postProject
		{8742DB94-829D-497D-AC04-8F25E6FA85EE} = {8742DB94-829D-497D-AC04-8F25E6FA85EE}
	EndProjectSection
EndProject
Project("{8BC9CEB8-8B4A-11D0-8D11-00A0C91BC942}") = "lexergen", "lexergen\lexergen.vcxproj", "{5A4AC0A9-F78C-4478-999A-FE291EAEDF37}"
	ProjectSection(ProjectDependencies) = postProject
		{2584FA16-EDB1-4CAF-8137-86A229E78DBC} = {2584FA16-EDB1-4CAF-8137-86A229E78DBC}
		{CE12F458-6BA6-4F74-A717-DE6C18C3F9FB} = {CE12F458-6BA6-4F74-A717-DE6C18C3F9FB}
		{7789AA8B-05BC-4F89-9ACE-9F8B497AF9B6} = {7789AA8B-05BC-4F89-9ACE-9F8B497AF9B6}
		{8742DB94-829D-497D-AC04-8F25E6FA85EE} = {8742DB94-829D-497D-AC04-8F25E6FA85EE}
		{44AB18E8-C105-4C84-AE3F-1DA1F5CEC0AE} = {44AB18E8-C105-4C84-AE3F-1DA1F5CEC0AE}
		{4DBA16E9-3EDE-4E4C-A8E3-33490B7EE1BC} = {4DBA16E9-3EDE-4E4C-A8E3-33490B7EE1BC}
	EndProjectSection
EndProject
Project("{8BC9CEB8-8B4A-11D0-8D11-00A0C91BC942}") = "parsergen", "parsergen\parsergen.vcxproj", "{8DDA40F5-E73C-4DEE-ADDF-1DC023264C6A}"
	ProjectSection(ProjectDependencies) = postProject
		{2584FA16-EDB1-4CAF-8137-86A229E78DBC} = {2584FA16-EDB1-4CAF-8137-86A229E78DBC}
		{CE12F458-6BA6-4F74-A717-DE6C18C3F9FB} = {CE12F458-6BA6-4F74-A717-DE6C18C3F9FB}
		{44AB18E8-C105-4C84-AE3F-1DA1F5CEC0AE} = {44AB18E8-C105-4C84-AE3F-1DA1F5CEC0AE}
		{4DBA16E9-3EDE-4E4C-A8E3-33490B7EE1BC} = {4DBA16E9-3EDE-4E4C-A8E3-33490B7EE1BC}
		{3713BAF5-D39B-4998-8B83-3E71942696E6} = {3713BAF5-D39B-4998-8B83-3E71942696E6}
	EndProjectSection
EndProject
Project("{8BC9CEB8-8B4A-11D0-8D11-00A0C91BC942}") = "parser", "parser\parser.vcxproj", "{3713BAF5-D39B-4998-8B83-3E71942696E6}"
EndProject
Project("{8BC9CEB8-8B4A-11D0-8D11-00A0C91BC942}") = "cmajorparser", "cmajorparser\cmajorparser.vcxproj", "{38871D51-3F87-49A4-B93D-2936DF34EB4A}"
	ProjectSection(ProjectDependencies) = postProject
		{FC6AE62C-7C8E-4BD6-AD96-6C7AF34C6734} = {FC6AE62C-7C8E-4BD6-AD96-6C7AF34C6734}
		{560E408F-CEF1-4E62-864A-C7D2195610A5} = {560E408F-CEF1-4E62-864A-C7D2195610A5}
	EndProjectSection
EndProject
Project("{8BC9CEB8-8B4A-11D0-8D11-00A0C91BC942}") = "cmajorast", "cmajorast\cmajorast.vcxproj", "{560E408F-CEF1-4E62-864A-C7D2195610A5}"
	ProjectSection(ProjectDependencies) = postProject
		{2584FA16-EDB1-4CAF-8137-86A229E78DBC} = {2584FA16-EDB1-4CAF-8137-86A229E78DBC}
		{CE12F458-6BA6-4F74-A717-DE6C18C3F9FB} = {CE12F458-6BA6-4F74-A717-DE6C18C3F9FB}
	EndProjectSection
EndProject
Project("{8BC9CEB8-8B4A-11D0-8D11-00A0C91BC942}") = "cmajorlexer", "cmajorlexer\cmajorlexer.vcxproj", "{FC6AE62C-7C8E-4BD6-AD96-6C7AF34C6734}"
	ProjectSection(ProjectDependencies) = postProject
		{2584FA16-EDB1-4CAF-8137-86A229E78DBC} = {2584FA16-EDB1-4CAF-8137-86A229E78DBC}
		{CE12F458-6BA6-4F74-A717-DE6C18C3F9FB} = {CE12F458-6BA6-4F74-A717-DE6C18C3F9FB}
	EndProjectSection
EndProject
Project("{8BC9CEB8-8B4A-11D0-8D11-00A0C91BC942}") = "commentlexer", "commentlexer\commentlexer.vcxproj", "{6C897D0B-220F-459A-BF8E-4C9AB69F5C9C}"
EndProject
Global
	GlobalSection(SolutionConfigurationPlatforms) = preSolution
		Debug|x64 = Debug|x64
		Debug|x86 = Debug|x86
		Release|x64 = Release|x64
		Release|x86 = Release|x86
	EndGlobalSection
	GlobalSection(ProjectConfigurationPlatforms) = postSolution
		{CE12F458-6BA6-4F74-A717-DE6C18C3F9FB}.Debug|x64.ActiveCfg = Debug|x64
		{CE12F458-6BA6-4F74-A717-DE6C18C3F9FB}.Debug|x64.Build.0 = Debug|x64
		{CE12F458-6BA6-4F74-A717-DE6C18C3F9FB}.Debug|x86.ActiveCfg = Debug|Win32
		{CE12F458-6BA6-4F74-A717-DE6C18C3F9FB}.Debug|x86.Build.0 = Debug|Win32
		{CE12F458-6BA6-4F74-A717-DE6C18C3F9FB}.Release|x64.ActiveCfg = Release|x64
		{CE12F458-6BA6-4F74-A717-DE6C18C3F9FB}.Release|x64.Build.0 = Release|x64
		{CE12F458-6BA6-4F74-A717-DE6C18C3F9FB}.Release|x86.ActiveCfg = Release|Win32
		{CE12F458-6BA6-4F74-A717-DE6C18C3F9FB}.Release|x86.Build.0 = Release|Win32
		{2584FA16-EDB1-4CAF-8137-86A229E78DBC}.Debug|x64.ActiveCfg = Debug|x64
		{2584FA16-EDB1-4CAF-8137-86A229E78DBC}.Debug|x64.Build.0 = Debug|x64
		{2584FA16-EDB1-4CAF-8137-86A229E78DBC}.Debug|x86.ActiveCfg = Debug|Win32
		{2584FA16-EDB1-4CAF-8137-86A229E78DBC}.Debug|x86.Build.0 = Debug|Win32
		{2584FA16-EDB1-4CAF-8137-86A229E78DBC}.Release|x64.ActiveCfg = Release|x64
		{2584FA16-EDB1-4CAF-8137-86A229E78DBC}.Release|x64.Build.0 = Release|x64
		{2584FA16-EDB1-4CAF-8137-86A229E78DBC}.Release|x86.ActiveCfg = Release|Win32
		{2584FA16-EDB1-4CAF-8137-86A229E78DBC}.Release|x86.Build.0 = Release|Win32
		{0061E6AC-C0B1-4EE3-AA1A-B4852F5FFA45}.Debug|x64.ActiveCfg = Debug|x64
		{0061E6AC-C0B1-4EE3-AA1A-B4852F5FFA45}.Debug|x64.Build.0 = Debug|x64
		{0061E6AC-C0B1-4EE3-AA1A-B4852F5FFA45}.Debug|x86.ActiveCfg = Debug|Win32
		{0061E6AC-C0B1-4EE3-AA1A-B4852F5FFA45}.Debug|x86.Build.0 = Debug|Win32
		{0061E6AC-C0B1-4EE3-AA1A-B4852F5FFA45}.Release|x64.ActiveCfg = Release|x64
		{0061E6AC-C0B1-4EE3-AA1A-B4852F5FFA45}.Release|x64.Build.0 = Release|x64
		{0061E6AC-C0B1-4EE3-AA1A-B4852F5FFA45}.Release|x86.ActiveCfg = Release|Win32
		{0061E6AC-C0B1-4EE3-AA1A-B4852F5FFA45}.Release|x86.Build.0 = Release|Win32
		{4DBA16E9-3EDE-4E4C-A8E3-33490B7EE1BC}.Debug|x64.ActiveCfg = Debug|x64
		{4DBA16E9-3EDE-4E4C-A8E3-33490B7EE1BC}.Debug|x64.Build.0 = Debug|x64
		{4DBA16E9-3EDE-4E4C-A8E3-33490B7EE1BC}.Debug|x86.ActiveCfg = Debug|Win32
		{4DBA16E9-3EDE-4E4C-A8E3-33490B7EE1BC}.Debug|x86.Build.0 = Debug|Win32
		{4DBA16E9-3EDE-4E4C-A8E3-33490B7EE1BC}.Release|x64.ActiveCfg = Release|x64
		{4DBA16E9-3EDE-4E4C-A8E3-33490B7EE1BC}.Release|x64.Build.0 = Release|x64
		{4DBA16E9-3EDE-4E4C-A8E3-33490B7EE1BC}.Release|x86.ActiveCfg = Release|Win32
		{4DBA16E9-3EDE-4E4C-A8E3-33490B7EE1BC}.Release|x86.Build.0 = Release|Win32
		{44AB18E8-C105-4C84-AE3F-1DA1F5CEC0AE}.Debug|x64.ActiveCfg = Debug|x64
		{44AB18E8-C105-4C84-AE3F-1DA1F5CEC0AE}.Debug|x64.Build.0 = Debug|x64
		{44AB18E8-C105-4C84-AE3F-1DA1F5CEC0AE}.Debug|x86.ActiveCfg = Debug|Win32
		{44AB18E8-C105-4C84-AE3F-1DA1F5CEC0AE}.Debug|x86.Build.0 = Debug|Win32
		{44AB18E8-C105-4C84-AE3F-1DA1F5CEC0AE}.Release|x64.ActiveCfg = Release|x64
		{44AB18E8-C105-4C84-AE3F-1DA1F5CEC0AE}.Release|x64.Build.0 = Release|x64
		{44AB18E8-C105-4C84-AE3F-1DA1F5CEC0AE}.Release|x86.ActiveCfg = Release|Win32
		{44AB18E8-C105-4C84-AE3F-1DA1F5CEC0AE}.Release|x86.Build.0 = Release|Win32
		{7789AA8B-05BC-4F89-9ACE-9F8B497AF9B6}.Debug|x64.ActiveCfg = Debug|x64
		{7789AA8B-05BC-4F89-9ACE-9F8B497AF9B6}.Debug|x64.Build.0 = Debug|x64
		{7789AA8B-05BC-4F89-9ACE-9F8B497AF9B6}.Debug|x86.ActiveCfg = Debug|Win32
		{7789AA8B-05BC-4F89-9ACE-9F8B497AF9B6}.Debug|x86.Build.0 = Debug|Win32
		{7789AA8B-05BC-4F89-9ACE-9F8B497AF9B6}.Release|x64.ActiveCfg = Release|x64
		{7789AA8B-05BC-4F89-9ACE-9F8B497AF9B6}.Release|x64.Build.0 = Release|x64
		{7789AA8B-05BC-4F89-9ACE-9F8B497AF9B6}.Release|x86.ActiveCfg = Release|Win32
		{7789AA8B-05BC-4F89-9ACE-9F8B497AF9B6}.Release|x86.Build.0 = Release|Win32
		{8742DB94-829D-497D-AC04-8F25E6FA85EE}.Debug|x64.ActiveCfg = Debug|x64
		{8742DB94-829D-497D-AC04-8F25E6FA85EE}.Debug|x64.Build.0 = Debug|x64
		{8742DB94-829D-497D-AC04-8F25E6FA85EE}.Debug|x86.ActiveCfg = Debug|Win32
		{8742DB94-829D-497D-AC04-8F25E6FA85EE}.Debug|x86.Build.0 = Debug|Win32
		{8742DB94-829D-497D-AC04-8F25E6FA85EE}.Release|x64.ActiveCfg = Release|x64
		{8742DB94-829D-497D-AC04-8F25E6FA85EE}.Release|x64.Build.0 = Release|x64
		{8742DB94-829D-497D-AC04-8F25E6FA85EE}.Release|x86.ActiveCfg = Release|Win32
		{8742DB94-829D-497D-AC04-8F25E6FA85EE}.Release|x86.Build.0 = Release|Win32
		{56B28687-40C7-4027-B8E1-D9022BC89B73}.Debug|x64.ActiveCfg = Debug|x64
		{56B28687-40C7-4027-B8E1-D9022BC89B73}.Debug|x64.Build.0 = Debug|x64
		{56B28687-40C7-4027-B8E1-D9022BC89B73}.Debug|x86.ActiveCfg = Debug|Win32
		{56B28687-40C7-4027-B8E1-D9022BC89B73}.Debug|x86.Build.0 = Debug|Win32
		{56B28687-40C7-4027-B8E1-D9022BC89B73}.Release|x64.ActiveCfg = Release|x64
		{56B28687-40C7-4027-B8E1-D9022BC89B73}.Release|x64.Build.0 = Release|x64
		{56B28687-40C7-4027-B8E1-D9022BC89B73}.Release|x86.ActiveCfg = Release|Win32
		{56B28687-40C7-4027-B8E1-D9022BC89B73}.Release|x86.Build.0 = Release|Win32
		{5A4AC0A9-F78C-4478-999A-FE291EAEDF37}.Debug|x64.ActiveCfg = Debug|x64
		{5A4AC0A9-F78C-4478-999A-FE291EAEDF37}.Debug|x64.Build.0 = Debug|x64
		{5A4AC0A9-F78C-4478-999A-FE291EAEDF37}.Debug|x86.ActiveCfg = Debug|Win32
		{5A4AC0A9-F78C-4478-999A-FE291EAEDF37}.Debug|x86.Build.0 = Debug|Win32
		{5A4AC0A9-F78C-4478-999A-FE291EAEDF37}.Release|x64.ActiveCfg = Release|x64
		{5A4AC0A9-F78C-4478-999A-FE291EAEDF37}.Release|x64.Build.0 = Release|x64
		{5A4AC0A9-F78C-4478-999A-FE291EAEDF37}.Release|x86.ActiveCfg = Release|Win32
		{5A4AC0A9-F78C-4478-999A-FE291EAEDF37}.Release|x86.Build.0 = Release|Win32
		{8DDA40F5-E73C-4DEE-ADDF-1DC023264C6A}.Debug|x64.ActiveCfg = Debug|x64
		{8DDA40F5-E73C-4DEE-ADDF-1DC023264C6A}.Debug|x64.Build.0 = Debug|x64
		{8DDA40F5-E73C-4DEE-ADDF-1DC023264C6A}.Debug|x86.ActiveCfg = Debug|Win32
		{8DDA40F5-E73C-4DEE-ADDF-1DC023264C6A}.Debug|x86.Build.0 = Debug|Win32
		{8DDA40F5-E73C-4DEE-ADDF-1DC023264C6A}.Release|x64.ActiveCfg = Release|x64
		{8DDA40F5-E73C-4DEE-ADDF-1DC023264C6A}.Release|x64.Build.0 = Release|x64
		{8DDA40F5-E73C-4DEE-ADDF-1DC023264C6A}.Release|x86.ActiveCfg = Release|Win32
		{8DDA40F5-E73C-4DEE-ADDF-1DC023264C6A}.Release|x86.Build.0 = Release|Win32
		{3713BAF5-D39B-4998-8B83-3E71942696E6}.Debug|x64.ActiveCfg = Debug|x64
		{3713BAF5-D39B-4998-8B83-3E71942696E6}.Debug|x64.Build.0 = Debug|x64
		{3713BAF5-D39B-4998-8B83-3E71942696E6}.Debug|x86.ActiveCfg = Debug|Win32
		{3713BAF5-D39B-4998-8B83-3E71942696E6}.Debug|x86.Build.0 = Debug|Win32
		{3713BAF5-D39B-4998-8B83-3E71942696E6}.Release|x64.ActiveCfg = Release|x64
		{3713BAF5-D39B-4998-8B83-3E71942696E6}.Release|x64.Build.0 = Release|x64
		{3713BAF5-D39B-4998-8B83-3E71942696E6}.Release|x86.ActiveCfg = Release|Win32
		{3713BAF5-D39B-4998-8B83-3E71942696E6}.Release|x86.Build.0 = Release|Win32
		{38871D51-3F87-49A4-B93D-2936DF34EB4A}.Debug|x64.ActiveCfg = Debug|x64
		{38871D51-3F87-49A4-B93D-2936DF34EB4A}.Debug|x64.Build.0 = Debug|x64
		{38871D51-3F87-49A4-B93D-2936DF34EB4A}.Debug|x86.ActiveCfg = Debug|Win32
		{38871D51-3F87-49A4-B93D-2936DF34EB4A}.Debug|x86.Build.0 = Debug|Win32
		{38871D51-3F87-49A4-B93D-2936DF34EB4A}.Release|x64.ActiveCfg = Release|x64
		{38871D51-3F87-49A4-B93D-2936DF34EB4A}.Release|x64.Build.0 = Release|x64
		{38871D51-3F87-49A4-B93D-2936DF34EB4A}.Release|x86.ActiveCfg = Release|Win32
		{38871D51-3F87-49A4-B93D-2936DF34EB4A}.Release|x86.Build.0 = Release|Win32
		{560E408F-CEF1-4E62-864A-C7D2195610A5}.Debug|x64.ActiveCfg = Debug|x64
		{560E408F-CEF1-4E62-864A-C7D2195610A5}.Debug|x64.Build.0 = Debug|x64
		{560E408F-CEF1-4E62-864A-C7D2195610A5}.Debug|x86.ActiveCfg = Debug|Win32
		{560E408F-CEF1-4E62-864A-C7D2195610A5}.Debug|x86.Build.0 = Debug|Win32
		{560E408F-CEF1-4E62-864A-C7D2195610A5}.Release|x64.ActiveCfg = Release|x64
		{560E408F-CEF1-4E62-864A-C7D2195610A5}.Release|x64.Build.0 = Release|x64
		{560E408F-CEF1-4E62-864A-C7D2195610A5}.Release|x86.ActiveCfg = Release|Win32
		{560E408F-CEF1-4E62-864A-C7D2195610A5}.Release|x86.Build.0 = Release|Win32
		{FC6AE62C-7C8E-4BD6-AD96-6C7AF34C6734}.Debug|x64.ActiveCfg = Debug|x64
		{FC6AE62C-7C8E-4BD6-AD96-6C7AF34C6734}.Debug|x64.Build.0 = Debug|x64
		{FC6AE62C-7C8E-4BD6-AD96-6C7AF34C6734}.Debug|x86.ActiveCfg = Debug|Win32
		{FC6AE62C-7C8E-4BD6-AD96-6C7AF34C6734}.Debug|x86.Build.0 = Debug|Win32
		{FC6AE62C-7C8E-4BD6-AD96-6C7AF34C6734}.Release|x64.ActiveCfg = Release|x64
		{FC6AE62C-7C8E-4BD6-AD96-6C7AF34C6734}.Release|x64.Build.0 = Release|x64
		{FC6AE62C-7C8E-4BD6-AD96-6C7AF34C6734}.Release|x86.ActiveCfg = Release|Win32
		{FC6AE62C-7C8E-4BD6-AD96-6C7AF34C6734}.Release|x86.Build.0 = Release|Win32
		{6C897D0B-220F-459A-BF8E-4C9AB69F5C9C}.Debug|x64.ActiveCfg = Debug|x64
		{6C897D0B-220F-459A-BF8E-4C9AB69F5C9C}.Debug|x64.Build.0 = Debug|x64
		{6C897D0B-220F-459A-BF8E-4C9AB69F5C9C}.Debug|x86.ActiveCfg = Debug|Win32
		{6C897D0B-220F-459A-BF8E-4C9AB69F5C9C}.Debug|x86.Build.0 = Debug|Win32
		{6C897D0B-220F-459A-BF8E-4C9AB69F5C9C}.Release|x64.ActiveCfg = Release|x64
		{6C897D0B-220F-459A-BF8E-4C9AB69F5C9C}.Release|x64.Build.0 = Release|x64
		{6C897D0B-220F-459A-BF8E-4C9AB69F5C9C}.Release|x86.ActiveCfg = Release|Win32
		{6C897D0B-220F-459A-BF8E-4C9AB69F5C9C}.Release|x86.Build.0 = Release|Win32
	EndGlobalSection
	GlobalSection(SolutionProperties) = preSolution
		HideSolutionNode = FALSE
	EndGlobalSection
	GlobalSection(ExtensibilityGlobals) = postSolution
		SolutionGuid = {2112AA37-22CC-4725-99AB-0E3366B383BE}
	EndGlobalSection
EndGlobal
