
Microsoft Visual Studio Solution File, Format Version 12.00
# Visual Studio Version 16
VisualStudioVersion = 16.0.31729.503
MinimumVisualStudioVersion = 10.0.40219.1
Project("{8BC9CEB8-8B4A-11D0-8D11-00A0C91BC942}") = "object", "object\object.vcxproj", "{AB235E3E-87FF-4137-A9B2-566758F66193}"
EndProject
Project("{8BC9CEB8-8B4A-11D0-8D11-00A0C91BC942}") = "array", "array\array.vcxproj", "{91C1251F-2EC2-48A4-965F-F6BA5B8C0725}"
EndProject
Project("{8BC9CEB8-8B4A-11D0-8D11-00A0C91BC942}") = "graph", "graph\graph.vcxproj", "{C20429DA-B955-4144-91A1-A7EAA78CD4DD}"
EndProject
Global
	GlobalSection(SolutionConfigurationPlatforms) = preSolution
		Debug|x64 = Debug|x64
		Debug|x86 = Debug|x86
		Release|x64 = Release|x64
		Release|x86 = Release|x86
	EndGlobalSection
	GlobalSection(ProjectConfigurationPlatforms) = postSolution
		{AB235E3E-87FF-4137-A9B2-566758F66193}.Debug|x64.ActiveCfg = Debug|x64
		{AB235E3E-87FF-4137-A9B2-566758F66193}.Debug|x64.Build.0 = Debug|x64
		{AB235E3E-87FF-4137-A9B2-566758F66193}.Debug|x86.ActiveCfg = Debug|Win32
		{AB235E3E-87FF-4137-A9B2-566758F66193}.Debug|x86.Build.0 = Debug|Win32
		{AB235E3E-87FF-4137-A9B2-566758F66193}.Release|x64.ActiveCfg = Release|x64
		{AB235E3E-87FF-4137-A9B2-566758F66193}.Release|x64.Build.0 = Release|x64
		{AB235E3E-87FF-4137-A9B2-566758F66193}.Release|x86.ActiveCfg = Release|Win32
		{AB235E3E-87FF-4137-A9B2-566758F66193}.Release|x86.Build.0 = Release|Win32
		{91C1251F-2EC2-48A4-965F-F6BA5B8C0725}.Debug|x64.ActiveCfg = Debug|x64
		{91C1251F-2EC2-48A4-965F-F6BA5B8C0725}.Debug|x64.Build.0 = Debug|x64
		{91C1251F-2EC2-48A4-965F-F6BA5B8C0725}.Debug|x86.ActiveCfg = Debug|Win32
		{91C1251F-2EC2-48A4-965F-F6BA5B8C0725}.Debug|x86.Build.0 = Debug|Win32
		{91C1251F-2EC2-48A4-965F-F6BA5B8C0725}.Release|x64.ActiveCfg = Release|x64
		{91C1251F-2EC2-48A4-965F-F6BA5B8C0725}.Release|x64.Build.0 = Release|x64
		{91C1251F-2EC2-48A4-965F-F6BA5B8C0725}.Release|x86.ActiveCfg = Release|Win32
		{91C1251F-2EC2-48A4-965F-F6BA5B8C0725}.Release|x86.Build.0 = Release|Win32
		{C20429DA-B955-4144-91A1-A7EAA78CD4DD}.Debug|x64.ActiveCfg = Debug|x64
		{C20429DA-B955-4144-91A1-A7EAA78CD4DD}.Debug|x64.Build.0 = Debug|x64
		{C20429DA-B955-4144-91A1-A7EAA78CD4DD}.Debug|x86.ActiveCfg = Debug|Win32
		{C20429DA-B955-4144-91A1-A7EAA78CD4DD}.Debug|x86.Build.0 = Debug|Win32
		{C20429DA-B955-4144-91A1-A7EAA78CD4DD}.Release|x64.ActiveCfg = Release|x64
		{C20429DA-B955-4144-91A1-A7EAA78CD4DD}.Release|x64.Build.0 = Release|x64
		{C20429DA-B955-4144-91A1-A7EAA78CD4DD}.Release|x86.ActiveCfg = Release|Win32
		{C20429DA-B955-4144-91A1-A7EAA78CD4DD}.Release|x86.Build.0 = Release|Win32
	EndGlobalSection
	GlobalSection(SolutionProperties) = preSolution
		HideSolutionNode = FALSE
	EndGlobalSection
	GlobalSection(ExtensibilityGlobals) = postSolution
		SolutionGuid = {20FF2115-09C5-490B-88BE-A6E428F04FF3}
	EndGlobalSection
EndGlobal
